{
  "pins" : [
    {
      "identity" : "asyncxpcconnection",
      "kind" : "remoteSourceControl",
      "location" : "https://github.com/ChimeHQ/AsyncXPCConnection",
      "state" : {
        "revision" : "82a0eb00a0d881e6a65cad0acc031c1efd058d06",
        "version" : "1.0.0"
      }
    },
    {
      "identity" : "chimekit",
      "kind" : "remoteSourceControl",
      "location" : "https://github.com/ChimeHQ/ChimeKit.git",
      "state" : {
        "revision" : "be609ad22a340c8f6dfa92dbb40c80f161872530"
      }
    },
    {
      "identity" : "colortoolbox",
      "kind" : "remoteSourceControl",
      "location" : "https://github.com/raymondjavaxx/ColorToolbox",
      "state" : {
        "revision" : "77a4bcfd5073ca4f29d37bbce7fac20dd085eea2",
        "version" : "1.0.1"
      }
    },
    {
      "identity" : "containeddocument",
      "kind" : "remoteSourceControl",
      "location" : "https://github.com/ChimeHQ/ContainedDocument.git",
      "state" : {
        "revision" : "ce89c75facd32f7b2ed77266b14dfbeb340953dd",
        "version" : "1.0.0"
      }
    },
    {
      "identity" : "extendable",
      "kind" : "remoteSourceControl",
      "location" : "https://github.com/ChimeHQ/Extendable",
      "state" : {
        "revision" : "ed81589a7be2b990baf41cbefffd2ac19e669694",
        "version" : "0.2.0"
      }
    },
    {
      "identity" : "fseventswrapper",
      "kind" : "remoteSourceControl",
      "location" : "https://github.com/Frizlab/FSEventsWrapper",
      "state" : {
        "revision" : "70bbea4b108221fcabfce8dbced8502831c0ae04",
        "version" : "2.1.0"
      }
    },
    {
      "identity" : "fuzzyfind",
      "kind" : "remoteSourceControl",
      "location" : "https://github.com/mattmassicotte/FuzzyFind",
      "state" : {
        "revision" : "1e66ecbb80de85d5ecefacbcc0702fafaf67c1d8"
      }
    },
    {
      "identity" : "globpattern",
      "kind" : "remoteSourceControl",
      "location" : "https://github.com/ChimeHQ/GlobPattern",
      "state" : {
        "revision" : "4ebb9e89e07cc475efa74f87dc6d21f4a9e060f8",
        "version" : "0.1.1"
      }
    },
    {
      "identity" : "jsonrpc",
      "kind" : "remoteSourceControl",
      "location" : "https://github.com/ChimeHQ/JSONRPC",
      "state" : {
        "revision" : "1ae27fceaec3208f62b3ef23d2d565d4222c3ac6",
        "version" : "0.8.1"
      }
    },
    {
      "identity" : "languageclient",
      "kind" : "remoteSourceControl",
      "location" : "https://github.com/ChimeHQ/LanguageClient",
      "state" : {
        "revision" : "bae3819325a2d6e592c2bf881f45144ddc1cfb96",
        "version" : "0.6.1"
      }
    },
    {
      "identity" : "languageserverprotocol",
      "kind" : "remoteSourceControl",
      "location" : "https://github.com/ChimeHQ/LanguageServerProtocol",
      "state" : {
        "revision" : "a244efe43ac7a42577b4afd9ccc43b5223c7f18d",
        "version" : "0.10.0"
      }
    },
    {
      "identity" : "mainoffender",
      "kind" : "remoteSourceControl",
      "location" : "https://github.com/mattmassicotte/MainOffender.git",
      "state" : {
        "revision" : "750730d33acec0f79edc836221937389e7455bae",
        "version" : "0.2.0"
      }
    },
    {
      "identity" : "neon",
      "kind" : "remoteSourceControl",
      "location" : "https://github.com/ChimeHQ/Neon.git",
      "state" : {
        "revision" : "e2a38d86a44964e9225e8651922dc1143623dc58"
      }
    },
    {
      "identity" : "outline",
      "kind" : "remoteSourceControl",
      "location" : "https://github.com/chimeHQ/Outline",
      "state" : {
        "revision" : "43a755ca50bc73a23ed1cb0c93362518ab27bd3b"
      }
    },
    {
      "identity" : "processenv",
      "kind" : "remoteSourceControl",
      "location" : "https://github.com/ChimeHQ/ProcessEnv.git",
      "state" : {
        "revision" : "83f1ebc9dd6fb1db0bd89a3fcae00488a0f3fdd9",
        "version" : "1.0.0"
      }
    },
    {
      "identity" : "queue",
      "kind" : "remoteSourceControl",
      "location" : "https://github.com/mattmassicotte/Queue",
      "state" : {
        "revision" : "8d6f936097888f97011610ced40313655dc5948d",
        "version" : "0.1.4"
      }
    },
    {
      "identity" : "rearrange",
      "kind" : "remoteSourceControl",
      "location" : "https://github.com/ChimeHQ/Rearrange",
      "state" : {
        "revision" : "3b154b59176ce40839071e7830c83410a0139d86",
        "version" : "1.8.0"
      }
    },
    {
      "identity" : "relativecollections",
      "kind" : "remoteSourceControl",
      "location" : "https://github.com/ChimeHQ/RelativeCollections",
      "state" : {
        "revision" : "20fbdb0c5948a205f4341c6a26d3bc84258cf56b"
      }
    },
    {
      "identity" : "scrollviewplus",
      "kind" : "remoteSourceControl",
      "location" : "https://github.com/ChimeHQ/ScrollViewPlus.git",
      "state" : {
        "revision" : "cd9fa490c4b20ee841ce9230ab19057c02905062",
        "version" : "0.1.2"
      }
    },
    {
      "identity" : "semaphore",
      "kind" : "remoteSourceControl",
      "location" : "https://github.com/groue/Semaphore",
      "state" : {
        "revision" : "f1c4a0acabeb591068dea6cffdd39660b86dec28",
        "version" : "0.0.8"
      }
    },
    {
      "identity" : "sourceview",
      "kind" : "remoteSourceControl",
      "location" : "https://github.com/ChimeHQ/SourceView",
      "state" : {
        "revision" : "d563ef0ba6c1c91aa6bcee406577b8826baa1f69"
      }
    },
    {
      "identity" : "swifttreesitter",
      "kind" : "remoteSourceControl",
      "location" : "https://github.com/ChimeHQ/SwiftTreeSitter",
      "state" : {
        "revision" : "87ed52a71d4ad6b5e6a11185b42f6f74eb5b47da"
      }
    },
    {
      "identity" : "textstory",
      "kind" : "remoteSourceControl",
      "location" : "https://github.com/ChimeHQ/TextStory.git",
      "state" : {
        "revision" : "5cd0787b43f038051d42b39db3319cbf78c42861"
      }
    },
    {
      "identity" : "tree-sitter-markdown",
      "kind" : "remoteSourceControl",
      "location" : "https://github.com/MDeiml/tree-sitter-markdown",
      "state" : {
        "branch" : "split_parser",
        "revision" : "f9820b2db958228f9be339b67d2de874d065866e"
      }
    },
    {
      "identity" : "tree-sitter-swift",
      "kind" : "remoteSourceControl",
      "location" : "https://github.com/alex-pinkus/tree-sitter-swift/",
      "state" : {
        "branch" : "with-generated-files",
        "revision" : "eda05af7ac41adb4eb19c346883c0fa32fe3bdd8"
      }
    },
    {
      "identity" : "viewplus",
      "kind" : "remoteSourceControl",
      "location" : "https://github.com/ChimeHQ/ViewPlus.git",
      "state" : {
        "revision" : "a769b565c125fea01e68a37c2c81af1850d87252",
        "version" : "1.2.0"
      }
    },
    {
      "identity" : "windowtreatment",
      "kind" : "remoteSourceControl",
      "location" : "https://github.com/ChimeHQ/WindowTreatment.git",
      "state" : {
        "revision" : "3ab18f6df0a69b63cef1d158c47da3992e89b733",
        "version" : "2.3.0"
      }
    }
  ],
  "version" : 2
}
