{
  "pins" : [
    {
      "identity" : "asyncxpcconnection",
      "kind" : "remoteSourceControl",
      "location" : "https://github.com/ChimeHQ/AsyncXPCConnection",
      "state" : {
        "revision" : "82a0eb00a0d881e6a65cad0acc031c1efd058d06",
        "version" : "1.0.0"
      }
    },
    {
      "identity" : "chimekit",
      "kind" : "remoteSourceControl",
      "location" : "https://github.com/ChimeHQ/ChimeKit.git",
      "state" : {
        "revision" : "6dd3247e9571ba67808bbb0d1a5576c478394ba6"
      }
    },
    {
      "identity" : "containeddocument",
      "kind" : "remoteSourceControl",
      "location" : "https://github.com/ChimeHQ/ContainedDocument.git",
      "state" : {
        "revision" : "70071cab32b9288097b15a816696a08c110a32ff"
      }
    },
    {
      "identity" : "extendable",
      "kind" : "remoteSourceControl",
      "location" : "https://github.com/ChimeHQ/Extendable",
      "state" : {
        "revision" : "ed81589a7be2b990baf41cbefffd2ac19e669694",
        "version" : "0.2.0"
      }
    },
    {
      "identity" : "fseventswrapper",
      "kind" : "remoteSourceControl",
      "location" : "https://github.com/Frizlab/FSEventsWrapper",
      "state" : {
        "revision" : "70bbea4b108221fcabfce8dbced8502831c0ae04",
        "version" : "2.1.0"
      }
    },
    {
      "identity" : "globpattern",
      "kind" : "remoteSourceControl",
      "location" : "https://github.com/ChimeHQ/GlobPattern",
      "state" : {
        "revision" : "4ebb9e89e07cc475efa74f87dc6d21f4a9e060f8",
        "version" : "0.1.1"
      }
    },
    {
      "identity" : "jsonrpc",
      "kind" : "remoteSourceControl",
      "location" : "https://github.com/ChimeHQ/JSONRPC",
      "state" : {
        "revision" : "1ae27fceaec3208f62b3ef23d2d565d4222c3ac6",
        "version" : "0.8.1"
      }
    },
    {
      "identity" : "languageclient",
      "kind" : "remoteSourceControl",
      "location" : "https://github.com/ChimeHQ/LanguageClient",
      "state" : {
        "revision" : "092fe0dac8183dff8feeb91f10f2e6a88a43852d",
        "version" : "0.6.0"
      }
    },
    {
      "identity" : "languageserverprotocol",
      "kind" : "remoteSourceControl",
      "location" : "https://github.com/ChimeHQ/LanguageServerProtocol",
      "state" : {
        "revision" : "a244efe43ac7a42577b4afd9ccc43b5223c7f18d",
        "version" : "0.10.0"
      }
    },
    {
      "identity" : "processenv",
      "kind" : "remoteSourceControl",
      "location" : "https://github.com/ChimeHQ/ProcessEnv",
      "state" : {
        "revision" : "29487b6581bb785c372c611c943541ef4309d051",
        "version" : "0.3.1"
      }
    },
    {
      "identity" : "queue",
      "kind" : "remoteSourceControl",
      "location" : "https://github.com/mattmassicotte/Queue",
      "state" : {
        "revision" : "8d6f936097888f97011610ced40313655dc5948d",
        "version" : "0.1.4"
      }
    },
    {
      "identity" : "semaphore",
      "kind" : "remoteSourceControl",
      "location" : "https://github.com/groue/Semaphore",
      "state" : {
        "revision" : "f1c4a0acabeb591068dea6cffdd39660b86dec28",
        "version" : "0.0.8"
      }
    },
    {
      "identity" : "windowtreatment",
      "kind" : "remoteSourceControl",
      "location" : "https://github.com/ChimeHQ/WindowTreatment.git",
      "state" : {
        "revision" : "eb4bc3fe8da7da24c2aa602879a06d74fca9b79b"
      }
    }
  ],
  "version" : 2
}
