{
  "originHash" : "f4663614d88fb73a29978bc6785d29ba6e19a30ee8e384cc1dedd1a60e8be2e8",
  "pins" : [
    {
      "identity" : "asyncxpcconnection",
      "kind" : "remoteSourceControl",
      "location" : "https://github.com/ChimeHQ/AsyncXPCConnection",
      "state" : {
        "revision" : "d7f6ec40d9f050fef87c25ab67ba5f626e4d4dee",
        "version" : "1.1.0"
      }
    },
    {
      "identity" : "chimekit",
      "kind" : "remoteSourceControl",
      "location" : "https://github.com/ChimeHQ/ChimeKit.git",
      "state" : {
        "revision" : "aa0eaf2b79d913e173be072456214246fb4d7b29"
      }
    },
    {
      "identity" : "colortoolbox",
      "kind" : "remoteSourceControl",
      "location" : "https://github.com/raymondjavaxx/ColorToolbox",
      "state" : {
        "revision" : "77a4bcfd5073ca4f29d37bbce7fac20dd085eea2",
        "version" : "1.0.1"
      }
    },
    {
      "identity" : "containeddocument",
      "kind" : "remoteSourceControl",
      "location" : "https://github.com/ChimeHQ/ContainedDocument.git",
      "state" : {
        "revision" : "ce89c75facd32f7b2ed77266b14dfbeb340953dd",
        "version" : "1.0.0"
      }
    },
    {
      "identity" : "extendable",
      "kind" : "remoteSourceControl",
      "location" : "https://github.com/ChimeHQ/Extendable.git",
      "state" : {
        "revision" : "82378e10a4b2f0c07b1d6619419831d8bee5088b"
      }
    },
    {
      "identity" : "fseventswrapper",
      "kind" : "remoteSourceControl",
      "location" : "https://github.com/Frizlab/FSEventsWrapper",
      "state" : {
        "revision" : "70bbea4b108221fcabfce8dbced8502831c0ae04",
        "version" : "2.1.0"
      }
    },
    {
      "identity" : "fuzzyfind",
      "kind" : "remoteSourceControl",
      "location" : "https://github.com/mattmassicotte/FuzzyFind",
      "state" : {
        "revision" : "1e66ecbb80de85d5ecefacbcc0702fafaf67c1d8"
      }
    },
    {
      "identity" : "globpattern",
      "kind" : "remoteSourceControl",
      "location" : "https://github.com/ChimeHQ/GlobPattern",
      "state" : {
        "revision" : "4ebb9e89e07cc475efa74f87dc6d21f4a9e060f8",
        "version" : "0.1.1"
      }
    },
    {
      "identity" : "jsonrpc",
      "kind" : "remoteSourceControl",
      "location" : "https://github.com/ChimeHQ/JSONRPC",
      "state" : {
        "revision" : "c6ec759d41a76ac88fe7327c41a77d9033943374",
        "version" : "0.9.0"
      }
    },
    {
      "identity" : "languageclient",
      "kind" : "remoteSourceControl",
      "location" : "https://github.com/ChimeHQ/LanguageClient",
      "state" : {
        "revision" : "f1610f7074b74ca3c1d6abd586014626842f09c5"
      }
    },
    {
      "identity" : "languageserverprotocol",
      "kind" : "remoteSourceControl",
      "location" : "https://github.com/ChimeHQ/LanguageServerProtocol",
      "state" : {
        "revision" : "f5a53e0386b34a0e06333ec9376f5972f7d20c28",
        "version" : "0.13.0"
      }
    },
    {
      "identity" : "lowlight",
      "kind" : "remoteSourceControl",
      "location" : "https://github.com/ChimeHQ/Lowlight",
      "state" : {
        "revision" : "51f98f2d252d1346d76a032f02a4a9b2add63084"
      }
    },
    {
      "identity" : "mainoffender",
      "kind" : "remoteSourceControl",
      "location" : "https://github.com/mattmassicotte/MainOffender.git",
      "state" : {
        "revision" : "8de872d9256ff7f9913cbc5dd560568ab164be45",
        "version" : "0.2.1"
      }
    },
    {
      "identity" : "neon",
      "kind" : "remoteSourceControl",
      "location" : "https://github.com/ChimeHQ/Neon.git",
      "state" : {
        "revision" : "7b6651b781e7079c31c107fc8f75a0be935dbbba"
      }
    },
    {
      "identity" : "outline",
      "kind" : "remoteSourceControl",
      "location" : "https://github.com/chimeHQ/Outline",
      "state" : {
        "revision" : "43a755ca50bc73a23ed1cb0c93362518ab27bd3b"
      }
    },
    {
      "identity" : "processenv",
      "kind" : "remoteSourceControl",
      "location" : "https://github.com/ChimeHQ/ProcessEnv.git",
      "state" : {
        "revision" : "83f1ebc9dd6fb1db0bd89a3fcae00488a0f3fdd9",
        "version" : "1.0.0"
      }
    },
    {
      "identity" : "queue",
      "kind" : "remoteSourceControl",
      "location" : "https://github.com/mattmassicotte/Queue",
      "state" : {
        "revision" : "8d6f936097888f97011610ced40313655dc5948d",
        "version" : "0.1.4"
      }
    },
    {
      "identity" : "rearrange",
      "kind" : "remoteSourceControl",
      "location" : "https://github.com/ChimeHQ/Rearrange",
      "state" : {
        "revision" : "5ff7f3363f7a08f77e0d761e38e6add31c2136e1",
        "version" : "1.8.1"
      }
    },
    {
      "identity" : "relativecollections",
      "kind" : "remoteSourceControl",
      "location" : "https://github.com/ChimeHQ/RelativeCollections",
      "state" : {
        "revision" : "20fbdb0c5948a205f4341c6a26d3bc84258cf56b"
      }
    },
    {
      "identity" : "scrollviewplus",
      "kind" : "remoteSourceControl",
      "location" : "https://github.com/ChimeHQ/ScrollViewPlus.git",
      "state" : {
        "revision" : "cd9fa490c4b20ee841ce9230ab19057c02905062",
        "version" : "0.1.2"
      }
    },
    {
      "identity" : "semaphore",
      "kind" : "remoteSourceControl",
      "location" : "https://github.com/groue/Semaphore",
      "state" : {
        "revision" : "f1c4a0acabeb591068dea6cffdd39660b86dec28",
        "version" : "0.0.8"
      }
    },
    {
      "identity" : "sourceview",
      "kind" : "remoteSourceControl",
      "location" : "https://github.com/ChimeHQ/SourceView",
      "state" : {
        "revision" : "d563ef0ba6c1c91aa6bcee406577b8826baa1f69"
      }
    },
    {
      "identity" : "swifttreesitter",
      "kind" : "remoteSourceControl",
      "location" : "https://github.com/ChimeHQ/SwiftTreeSitter",
      "state" : {
        "revision" : "7ccb58219c3e928bf1938dd43d33fd349dc71808"
      }
    },
    {
      "identity" : "textstory",
      "kind" : "remoteSourceControl",
      "location" : "https://github.com/ChimeHQ/TextStory.git",
      "state" : {
        "revision" : "5cd0787b43f038051d42b39db3319cbf78c42861"
      }
    },
    {
      "identity" : "tree-sitter-go",
      "kind" : "remoteSourceControl",
      "location" : "https://github.com/tree-sitter/tree-sitter-go",
      "state" : {
        "revision" : "bbaa67a180cfe0c943e50c55130918be8efb20bd",
        "version" : "0.20.0"
      }
    },
    {
      "identity" : "tree-sitter-markdown",
      "kind" : "remoteSourceControl",
      "location" : "https://github.com/MDeiml/tree-sitter-markdown",
      "state" : {
        "branch" : "split_parser",
        "revision" : "f9820b2db958228f9be339b67d2de874d065866e"
      }
    },
    {
      "identity" : "tree-sitter-swift",
      "kind" : "remoteSourceControl",
      "location" : "https://github.com/alex-pinkus/tree-sitter-swift/",
      "state" : {
        "branch" : "with-generated-files",
        "revision" : "eda05af7ac41adb4eb19c346883c0fa32fe3bdd8"
      }
    },
    {
      "identity" : "viewplus",
      "kind" : "remoteSourceControl",
      "location" : "https://github.com/ChimeHQ/ViewPlus.git",
      "state" : {
        "revision" : "a769b565c125fea01e68a37c2c81af1850d87252",
        "version" : "1.2.0"
      }
    },
    {
      "identity" : "windowtreatment",
      "kind" : "remoteSourceControl",
      "location" : "https://github.com/ChimeHQ/WindowTreatment.git",
      "state" : {
        "revision" : "3ab18f6df0a69b63cef1d158c47da3992e89b733",
        "version" : "2.3.0"
      }
    }
  ],
  "version" : 2
}
