// !$*UTF8*$!
{
	archiveVersion = 1;
	classes = {
	};
	objectVersion = 56;
	objects = {

/* Begin PBXBuildFile section */
		C94F7EC12A7D8C1900E0361A /* ProjectContentViewController.swift in Sources */ = {isa = PBXBuildFile; fileRef = C94F7EC02A7D8C1900E0361A /* ProjectContentViewController.swift */; };
		C96A852D2A7A6E22005ED222 /* DirectoryDocument.swift in Sources */ = {isa = PBXBuildFile; fileRef = C96A852C2A7A6E22005ED222 /* DirectoryDocument.swift */; };
		C96A852F2A7A703D005ED222 /* OpenPanelAccessoryViewController.swift in Sources */ = {isa = PBXBuildFile; fileRef = C96A852E2A7A703D005ED222 /* OpenPanelAccessoryViewController.swift */; };
		C96A85342A7A8339005ED222 /* URL+Bookmarks.swift in Sources */ = {isa = PBXBuildFile; fileRef = C96A85332A7A8339005ED222 /* URL+Bookmarks.swift */; };
		C96A853B2A7B2CA0005ED222 /* Project.swift in Sources */ = {isa = PBXBuildFile; fileRef = C96A85392A7B2C47005ED222 /* Project.swift */; };
		C96A85402A7BC3F5005ED222 /* DocumentState.swift in Sources */ = {isa = PBXBuildFile; fileRef = C96A853F2A7BC3F5005ED222 /* DocumentState.swift */; };
		C98EA41C2A912A5E00B8815E /* ProjectDocument.swift in Sources */ = {isa = PBXBuildFile; fileRef = C98EA4192A912A2900B8815E /* ProjectDocument.swift */; };
		C9F79DD72A87E3FA005ED8E9 /* URL+Contents.swift in Sources */ = {isa = PBXBuildFile; fileRef = C9F79DD62A87E3FA005ED8E9 /* URL+Contents.swift */; };
		C9F79DE02A87E661005ED8E9 /* Outline in Frameworks */ = {isa = PBXBuildFile; productRef = C9F79DDF2A87E661005ED8E9 /* Outline */; };
		C9F79DF72A8FFC65005ED8E9 /* NavigatorItem.swift in Sources */ = {isa = PBXBuildFile; fileRef = C9F79DD82A87E44A005ED8E9 /* NavigatorItem.swift */; };
		C9F79DF82A8FFC6A005ED8E9 /* Navigator.swift in Sources */ = {isa = PBXBuildFile; fileRef = C9F79DDA2A87E46A005ED8E9 /* Navigator.swift */; };
		C9F79DF92A8FFC6D005ED8E9 /* NavigatorScrollView.swift in Sources */ = {isa = PBXBuildFile; fileRef = C9F79DE52A8B9C8A005ED8E9 /* NavigatorScrollView.swift */; };
		C9F79E002A90DCE9005ED8E9 /* libNavigator.a in Frameworks */ = {isa = PBXBuildFile; fileRef = C9F79DED2A8FF065005ED8E9 /* libNavigator.a */; };
		C9FE529D2A7525D000CACA1A /* AppDelegate.swift in Sources */ = {isa = PBXBuildFile; fileRef = C9FE529C2A7525D000CACA1A /* AppDelegate.swift */; };
		C9FE52A42A7525D300CACA1A /* Assets.xcassets in Resources */ = {isa = PBXBuildFile; fileRef = C9FE52A32A7525D300CACA1A /* Assets.xcassets */; };
		C9FE52A72A7525D300CACA1A /* MainMenu.xib in Resources */ = {isa = PBXBuildFile; fileRef = C9FE52A52A7525D300CACA1A /* MainMenu.xib */; };
		C9FE52B32A7525D300CACA1A /* FilteringExtensionTests.swift in Sources */ = {isa = PBXBuildFile; fileRef = C9FE52B22A7525D300CACA1A /* FilteringExtensionTests.swift */; };
		C9FE52BD2A7525D300CACA1A /* EditUITests.swift in Sources */ = {isa = PBXBuildFile; fileRef = C9FE52BC2A7525D300CACA1A /* EditUITests.swift */; };
		C9FE52BF2A7525D300CACA1A /* EditUITestsLaunchTests.swift in Sources */ = {isa = PBXBuildFile; fileRef = C9FE52BE2A7525D300CACA1A /* EditUITestsLaunchTests.swift */; };
		C9FE52E32A7533FE00CACA1A /* libDocument.a in Frameworks */ = {isa = PBXBuildFile; fileRef = C9FE52D42A7532C700CACA1A /* libDocument.a */; };
		C9FE52E42A75343C00CACA1A /* TextDocument.swift in Sources */ = {isa = PBXBuildFile; fileRef = C9FE529E2A7525D000CACA1A /* TextDocument.swift */; };
		C9FE52EA2A75377200CACA1A /* ContainedDocument in Frameworks */ = {isa = PBXBuildFile; productRef = C9FE52E92A75377200CACA1A /* ContainedDocument */; };
		C9FE52EE2A7537AC00CACA1A /* ProjectDocumentController.swift in Sources */ = {isa = PBXBuildFile; fileRef = C9FE52ED2A7537AC00CACA1A /* ProjectDocumentController.swift */; };
		C9FE52FA2A7539B100CACA1A /* ChimeKit.framework in Frameworks */ = {isa = PBXBuildFile; fileRef = C9FE52F42A7539B100CACA1A /* ChimeKit.framework */; };
		C9FE52FC2A7539B100CACA1A /* ChimeKit.framework in Embed Frameworks */ = {isa = PBXBuildFile; fileRef = C9FE52F42A7539B100CACA1A /* ChimeKit.framework */; settings = {ATTRIBUTES = (CodeSignOnCopy, RemoveHeadersOnCopy, ); }; };
		C9FE53022A753A3D00CACA1A /* ChimeKit in Frameworks */ = {isa = PBXBuildFile; productRef = C9FE53012A753A3D00CACA1A /* ChimeKit */; };
		C9FE53192A759AFE00CACA1A /* ProjectWindowController.swift in Sources */ = {isa = PBXBuildFile; fileRef = C9FE53182A759AFE00CACA1A /* ProjectWindowController.swift */; };
		C9FE531C2A759CE400CACA1A /* WindowStateModel.swift in Sources */ = {isa = PBXBuildFile; fileRef = C9FE531B2A759CE400CACA1A /* WindowStateModel.swift */; };
		C9FE531E2A759F4C00CACA1A /* ProjectWindowRoot.swift in Sources */ = {isa = PBXBuildFile; fileRef = C9FE531D2A759F4C00CACA1A /* ProjectWindowRoot.swift */; };
		C9FE532F2A75A1C100CACA1A /* RepresentableView.swift in Sources */ = {isa = PBXBuildFile; fileRef = C9FE532D2A75A1C100CACA1A /* RepresentableView.swift */; };
		C9FE53302A75A1C100CACA1A /* RepresentableViewController.swift in Sources */ = {isa = PBXBuildFile; fileRef = C9FE532E2A75A1C100CACA1A /* RepresentableViewController.swift */; };
		C9FE53332A75A22800CACA1A /* libUIUtility.a in Frameworks */ = {isa = PBXBuildFile; fileRef = C9FE53232A75A17700CACA1A /* libUIUtility.a */; };
		C9FE53362A75A40400CACA1A /* libProjectWindow.a in Frameworks */ = {isa = PBXBuildFile; fileRef = C9FE530E2A759ADA00CACA1A /* libProjectWindow.a */; };
		C9FE533B2A75A76000CACA1A /* WindowTreatment in Frameworks */ = {isa = PBXBuildFile; productRef = C9FE533A2A75A76000CACA1A /* WindowTreatment */; };
		C9FE53622A76619800CACA1A /* Inspector.swift in Sources */ = {isa = PBXBuildFile; fileRef = C9FE53612A76619800CACA1A /* Inspector.swift */; };
		C9FE53752A7661F100CACA1A /* SearchBar.swift in Sources */ = {isa = PBXBuildFile; fileRef = C9FE53742A7661F100CACA1A /* SearchBar.swift */; };
		C9FE53872A7663D200CACA1A /* EditorContentViewController.swift in Sources */ = {isa = PBXBuildFile; fileRef = C9FE53862A7663D200CACA1A /* EditorContentViewController.swift */; };
		C9FE53912A766A9D00CACA1A /* libEditor.a in Frameworks */ = {isa = PBXBuildFile; fileRef = C9FE537A2A7662DC00CACA1A /* libEditor.a */; };
		C9FE53932A766AAD00CACA1A /* libInspector.a in Frameworks */ = {isa = PBXBuildFile; fileRef = C9FE53522A7660DF00CACA1A /* libInspector.a */; };
		C9FE53942A766AB300CACA1A /* libSearch.a in Frameworks */ = {isa = PBXBuildFile; fileRef = C9FE536A2A7661D400CACA1A /* libSearch.a */; };
		C9FE53A62A7670BB00CACA1A /* StatusBar.swift in Sources */ = {isa = PBXBuildFile; fileRef = C9FE53A52A7670BB00CACA1A /* StatusBar.swift */; };
		C9FE53A92A76713900CACA1A /* libStatus.a in Frameworks */ = {isa = PBXBuildFile; fileRef = C9FE539B2A76709D00CACA1A /* libStatus.a */; };
		C9FE53AB2A76753D00CACA1A /* SourcePresentationViewController.swift in Sources */ = {isa = PBXBuildFile; fileRef = C9FE53AA2A76753D00CACA1A /* SourcePresentationViewController.swift */; };
		C9FE53AD2A7677A700CACA1A /* EditorScrollView.swift in Sources */ = {isa = PBXBuildFile; fileRef = C9FE53AC2A7677A700CACA1A /* EditorScrollView.swift */; };
		C9FE53B22A7677E100CACA1A /* ScrollViewPlus in Frameworks */ = {isa = PBXBuildFile; productRef = C9FE53B12A7677E100CACA1A /* ScrollViewPlus */; };
		C9FE53B92A77334E00CACA1A /* SourceViewController.swift in Sources */ = {isa = PBXBuildFile; fileRef = C9FE53B82A77334E00CACA1A /* SourceViewController.swift */; };
		C9FE53BD2A77354400CACA1A /* SourceView in Frameworks */ = {isa = PBXBuildFile; productRef = C9FE53BC2A77354400CACA1A /* SourceView */; };
		C9FE53BF2A77C02400CACA1A /* BoundingBorders.swift in Sources */ = {isa = PBXBuildFile; fileRef = C9FE53BE2A77C02400CACA1A /* BoundingBorders.swift */; };
		C9FE53C12A77C06800CACA1A /* ColorView.swift in Sources */ = {isa = PBXBuildFile; fileRef = C9FE53C02A77C06700CACA1A /* ColorView.swift */; };
		C9FE53D52A77CC8300CACA1A /* Theme.swift in Sources */ = {isa = PBXBuildFile; fileRef = C9FE53D42A77CC8300CACA1A /* Theme.swift */; };
		C9FE53D62A77CDE500CACA1A /* libTheme.a in Frameworks */ = {isa = PBXBuildFile; fileRef = C9FE53C82A77CC1E00CACA1A /* libTheme.a */; };
		C9FE53D82A77D98A00CACA1A /* EditorContent.swift in Sources */ = {isa = PBXBuildFile; fileRef = C9FE53D72A77D98A00CACA1A /* EditorContent.swift */; };
		C9FE53E82A7A5B2000CACA1A /* LazyRemoteExtension.swift in Sources */ = {isa = PBXBuildFile; fileRef = C9FE53E72A7A5B2000CACA1A /* LazyRemoteExtension.swift */; };
		C9FE53FF2A7A5F1600CACA1A /* Logger+init.swift in Sources */ = {isa = PBXBuildFile; fileRef = C9FE53FE2A7A5F1600CACA1A /* Logger+init.swift */; };
		C9FE54022A7A607100CACA1A /* libUtility.a in Frameworks */ = {isa = PBXBuildFile; fileRef = C9FE53F42A7A5EF900CACA1A /* libUtility.a */; };
		C9FE54032A7A607D00CACA1A /* libExtensionHost.a in Frameworks */ = {isa = PBXBuildFile; fileRef = C9FE53DD2A7A5A2A00CACA1A /* libExtensionHost.a */; };
		C9FE54052A7A613C00CACA1A /* FilteringExtension.swift in Sources */ = {isa = PBXBuildFile; fileRef = C9FE54042A7A613C00CACA1A /* FilteringExtension.swift */; };
		C9FE54072A7A617000CACA1A /* ExtensionDocumentState.swift in Sources */ = {isa = PBXBuildFile; fileRef = C9FE54062A7A617000CACA1A /* ExtensionDocumentState.swift */; };
		C9FE540A2A7A62DB00CACA1A /* MockExtension.swift in Sources */ = {isa = PBXBuildFile; fileRef = C9FE54092A7A62DB00CACA1A /* MockExtension.swift */; };
		C9FE540D2A7A630200CACA1A /* libExtensionHost.a in Frameworks */ = {isa = PBXBuildFile; fileRef = C9FE53DD2A7A5A2A00CACA1A /* libExtensionHost.a */; };
		C9FE54102A7A642A00CACA1A /* ChimeKit.framework in Frameworks */ = {isa = PBXBuildFile; fileRef = C9FE52F42A7539B100CACA1A /* ChimeKit.framework */; };
		C9FE54122A7A66D500CACA1A /* ContextBuffer.swift in Sources */ = {isa = PBXBuildFile; fileRef = C9FE54112A7A66D500CACA1A /* ContextBuffer.swift */; };
/* End PBXBuildFile section */

/* Begin PBXContainerItemProxy section */
		C96A85412A7BEB92005ED222 /* PBXContainerItemProxy */ = {
			isa = PBXContainerItemProxy;
			containerPortal = C9FE52912A7525D000CACA1A /* Project object */;
			proxyType = 1;
			remoteGlobalIDString = C9FE52F32A7539B100CACA1A;
			remoteInfo = ChimeKit;
		};
		C96A85452A7BEBB0005ED222 /* PBXContainerItemProxy */ = {
			isa = PBXContainerItemProxy;
			containerPortal = C9FE52912A7525D000CACA1A /* Project object */;
			proxyType = 1;
			remoteGlobalIDString = C9FE52F32A7539B100CACA1A;
			remoteInfo = ChimeKit;
		};
		C96A85472A7BEBC4005ED222 /* PBXContainerItemProxy */ = {
			isa = PBXContainerItemProxy;
			containerPortal = C9FE52912A7525D000CACA1A /* Project object */;
			proxyType = 1;
			remoteGlobalIDString = C9FE53692A7661D400CACA1A;
			remoteInfo = Search;
		};
		C9F79DE32A87E756005ED8E9 /* PBXContainerItemProxy */ = {
			isa = PBXContainerItemProxy;
			containerPortal = C9FE52912A7525D000CACA1A /* Project object */;
			proxyType = 1;
			remoteGlobalIDString = C9FE53F32A7A5EF900CACA1A;
			remoteInfo = Utility;
		};
		C9F79DFA2A8FFC79005ED8E9 /* PBXContainerItemProxy */ = {
			isa = PBXContainerItemProxy;
			containerPortal = C9FE52912A7525D000CACA1A /* Project object */;
			proxyType = 1;
			remoteGlobalIDString = C9F79DEC2A8FF065005ED8E9;
			remoteInfo = Navigator;
		};
		C9F79DFC2A90DCBF005ED8E9 /* PBXContainerItemProxy */ = {
			isa = PBXContainerItemProxy;
			containerPortal = C9FE52912A7525D000CACA1A /* Project object */;
			proxyType = 1;
			remoteGlobalIDString = C9FE53F32A7A5EF900CACA1A;
			remoteInfo = Utility;
		};
		C9F79DFE2A90DCCC005ED8E9 /* PBXContainerItemProxy */ = {
			isa = PBXContainerItemProxy;
			containerPortal = C9FE52912A7525D000CACA1A /* Project object */;
			proxyType = 1;
			remoteGlobalIDString = C9FE52F32A7539B100CACA1A;
			remoteInfo = ChimeKit;
		};
		C9FE52AF2A7525D300CACA1A /* PBXContainerItemProxy */ = {
			isa = PBXContainerItemProxy;
			containerPortal = C9FE52912A7525D000CACA1A /* Project object */;
			proxyType = 1;
			remoteGlobalIDString = C9FE52982A7525D000CACA1A;
			remoteInfo = Edit;
		};
		C9FE52B92A7525D300CACA1A /* PBXContainerItemProxy */ = {
			isa = PBXContainerItemProxy;
			containerPortal = C9FE52912A7525D000CACA1A /* Project object */;
			proxyType = 1;
			remoteGlobalIDString = C9FE52982A7525D000CACA1A;
			remoteInfo = Edit;
		};
		C9FE52DE2A7533BA00CACA1A /* PBXContainerItemProxy */ = {
			isa = PBXContainerItemProxy;
			containerPortal = C9FE52912A7525D000CACA1A /* Project object */;
			proxyType = 1;
			remoteGlobalIDString = C9FE52D32A7532C700CACA1A;
			remoteInfo = Document;
		};
		C9FE52F82A7539B100CACA1A /* PBXContainerItemProxy */ = {
			isa = PBXContainerItemProxy;
			containerPortal = C9FE52912A7525D000CACA1A /* Project object */;
			proxyType = 1;
			remoteGlobalIDString = C9FE52F32A7539B100CACA1A;
			remoteInfo = ChimeKit;
		};
		C9FE53052A753B2600CACA1A /* PBXContainerItemProxy */ = {
			isa = PBXContainerItemProxy;
			containerPortal = C9FE52912A7525D000CACA1A /* Project object */;
			proxyType = 1;
			remoteGlobalIDString = C9FE52F32A7539B100CACA1A;
			remoteInfo = ChimeKit;
		};
		C9FE53312A75A21E00CACA1A /* PBXContainerItemProxy */ = {
			isa = PBXContainerItemProxy;
			containerPortal = C9FE52912A7525D000CACA1A /* Project object */;
			proxyType = 1;
			remoteGlobalIDString = C9FE53222A75A17700CACA1A;
			remoteInfo = UIUtility;
		};
		C9FE53342A75A30E00CACA1A /* PBXContainerItemProxy */ = {
			isa = PBXContainerItemProxy;
			containerPortal = C9FE52912A7525D000CACA1A /* Project object */;
			proxyType = 1;
			remoteGlobalIDString = C9FE530D2A759ADA00CACA1A;
			remoteInfo = ProjectWindow;
		};
		C9FE538F2A766A9400CACA1A /* PBXContainerItemProxy */ = {
			isa = PBXContainerItemProxy;
			containerPortal = C9FE52912A7525D000CACA1A /* Project object */;
			proxyType = 1;
			remoteGlobalIDString = C9FE53792A7662DC00CACA1A;
			remoteInfo = Editor;
		};
		C9FE53C22A77C14800CACA1A /* PBXContainerItemProxy */ = {
			isa = PBXContainerItemProxy;
			containerPortal = C9FE52912A7525D000CACA1A /* Project object */;
			proxyType = 1;
			remoteGlobalIDString = C9FE53222A75A17700CACA1A;
			remoteInfo = UIUtility;
		};
		C9FE53D12A77CC3100CACA1A /* PBXContainerItemProxy */ = {
			isa = PBXContainerItemProxy;
			containerPortal = C9FE52912A7525D000CACA1A /* Project object */;
			proxyType = 1;
			remoteGlobalIDString = C9FE53C72A77CC1E00CACA1A;
			remoteInfo = Theme;
		};
		C9FE53E92A7A5D4000CACA1A /* PBXContainerItemProxy */ = {
			isa = PBXContainerItemProxy;
			containerPortal = C9FE52912A7525D000CACA1A /* Project object */;
			proxyType = 1;
			remoteGlobalIDString = C9FE52F32A7539B100CACA1A;
			remoteInfo = ChimeKit;
		};
		C9FE54002A7A606100CACA1A /* PBXContainerItemProxy */ = {
			isa = PBXContainerItemProxy;
			containerPortal = C9FE52912A7525D000CACA1A /* Project object */;
			proxyType = 1;
			remoteGlobalIDString = C9FE53F32A7A5EF900CACA1A;
			remoteInfo = Utility;
		};
		C9FE540B2A7A62FB00CACA1A /* PBXContainerItemProxy */ = {
			isa = PBXContainerItemProxy;
			containerPortal = C9FE52912A7525D000CACA1A /* Project object */;
			proxyType = 1;
			remoteGlobalIDString = C9FE53DC2A7A5A2A00CACA1A;
			remoteInfo = ExtensionHost;
		};
		C9FE540E2A7A642500CACA1A /* PBXContainerItemProxy */ = {
			isa = PBXContainerItemProxy;
			containerPortal = C9FE52912A7525D000CACA1A /* Project object */;
			proxyType = 1;
			remoteGlobalIDString = C9FE52F32A7539B100CACA1A;
			remoteInfo = ChimeKit;
		};
/* End PBXContainerItemProxy section */

/* Begin PBXCopyFilesBuildPhase section */
		C9FE52FB2A7539B100CACA1A /* Embed Frameworks */ = {
			isa = PBXCopyFilesBuildPhase;
			buildActionMask = 2147483647;
			dstPath = "";
			dstSubfolderSpec = 10;
			files = (
				C9FE52FC2A7539B100CACA1A /* ChimeKit.framework in Embed Frameworks */,
			);
			name = "Embed Frameworks";
			runOnlyForDeploymentPostprocessing = 0;
		};
/* End PBXCopyFilesBuildPhase section */

/* Begin PBXFileReference section */
		C94F7EC02A7D8C1900E0361A /* ProjectContentViewController.swift */ = {isa = PBXFileReference; fileEncoding = 4; lastKnownFileType = sourcecode.swift; path = ProjectContentViewController.swift; sourceTree = "<group>"; };
		C96A852C2A7A6E22005ED222 /* DirectoryDocument.swift */ = {isa = PBXFileReference; fileEncoding = 4; lastKnownFileType = sourcecode.swift; path = DirectoryDocument.swift; sourceTree = "<group>"; };
		C96A852E2A7A703D005ED222 /* OpenPanelAccessoryViewController.swift */ = {isa = PBXFileReference; fileEncoding = 4; lastKnownFileType = sourcecode.swift; path = OpenPanelAccessoryViewController.swift; sourceTree = "<group>"; };
		C96A85332A7A8339005ED222 /* URL+Bookmarks.swift */ = {isa = PBXFileReference; fileEncoding = 4; lastKnownFileType = sourcecode.swift; path = "URL+Bookmarks.swift"; sourceTree = "<group>"; };
		C96A85392A7B2C47005ED222 /* Project.swift */ = {isa = PBXFileReference; fileEncoding = 4; lastKnownFileType = sourcecode.swift; path = Project.swift; sourceTree = "<group>"; };
		C96A853F2A7BC3F5005ED222 /* DocumentState.swift */ = {isa = PBXFileReference; fileEncoding = 4; lastKnownFileType = sourcecode.swift; path = DocumentState.swift; sourceTree = "<group>"; };
		C98EA4192A912A2900B8815E /* ProjectDocument.swift */ = {isa = PBXFileReference; lastKnownFileType = sourcecode.swift; path = ProjectDocument.swift; sourceTree = "<group>"; };
		C98EA41D2A91574D00B8815E /* ContainedDocument */ = {isa = PBXFileReference; lastKnownFileType = wrapper; name = ContainedDocument; path = ../ContainedDocument; sourceTree = "<group>"; };
		C9F79DD62A87E3FA005ED8E9 /* URL+Contents.swift */ = {isa = PBXFileReference; lastKnownFileType = sourcecode.swift; path = "URL+Contents.swift"; sourceTree = "<group>"; };
		C9F79DD82A87E44A005ED8E9 /* NavigatorItem.swift */ = {isa = PBXFileReference; lastKnownFileType = sourcecode.swift; path = NavigatorItem.swift; sourceTree = "<group>"; };
		C9F79DDA2A87E46A005ED8E9 /* Navigator.swift */ = {isa = PBXFileReference; lastKnownFileType = sourcecode.swift; path = Navigator.swift; sourceTree = "<group>"; };
		C9F79DDC2A87E64C005ED8E9 /* Outline */ = {isa = PBXFileReference; lastKnownFileType = wrapper; name = Outline; path = ../Outline; sourceTree = "<group>"; };
		C9F79DE52A8B9C8A005ED8E9 /* NavigatorScrollView.swift */ = {isa = PBXFileReference; lastKnownFileType = sourcecode.swift; path = NavigatorScrollView.swift; sourceTree = "<group>"; };
		C9F79DED2A8FF065005ED8E9 /* libNavigator.a */ = {isa = PBXFileReference; explicitFileType = archive.ar; includeInIndex = 0; path = libNavigator.a; sourceTree = BUILT_PRODUCTS_DIR; };
		C9FE52992A7525D000CACA1A /* Chime.app */ = {isa = PBXFileReference; explicitFileType = wrapper.application; includeInIndex = 0; path = Chime.app; sourceTree = BUILT_PRODUCTS_DIR; };
		C9FE529C2A7525D000CACA1A /* AppDelegate.swift */ = {isa = PBXFileReference; lastKnownFileType = sourcecode.swift; path = AppDelegate.swift; sourceTree = "<group>"; };
		C9FE529E2A7525D000CACA1A /* TextDocument.swift */ = {isa = PBXFileReference; lastKnownFileType = sourcecode.swift; path = TextDocument.swift; sourceTree = "<group>"; };
		C9FE52A32A7525D300CACA1A /* Assets.xcassets */ = {isa = PBXFileReference; lastKnownFileType = folder.assetcatalog; path = Assets.xcassets; sourceTree = "<group>"; };
		C9FE52A62A7525D300CACA1A /* Base */ = {isa = PBXFileReference; lastKnownFileType = file.xib; name = Base; path = Base.lproj/MainMenu.xib; sourceTree = "<group>"; };
		C9FE52A82A7525D300CACA1A /* Info.plist */ = {isa = PBXFileReference; lastKnownFileType = text.plist.xml; path = Info.plist; sourceTree = "<group>"; };
		C9FE52A92A7525D300CACA1A /* Edit.entitlements */ = {isa = PBXFileReference; lastKnownFileType = text.plist.entitlements; path = Edit.entitlements; sourceTree = "<group>"; };
		C9FE52AE2A7525D300CACA1A /* EditTests.xctest */ = {isa = PBXFileReference; explicitFileType = wrapper.cfbundle; includeInIndex = 0; path = EditTests.xctest; sourceTree = BUILT_PRODUCTS_DIR; };
		C9FE52B22A7525D300CACA1A /* FilteringExtensionTests.swift */ = {isa = PBXFileReference; lastKnownFileType = sourcecode.swift; path = FilteringExtensionTests.swift; sourceTree = "<group>"; };
		C9FE52B82A7525D300CACA1A /* EditUITests.xctest */ = {isa = PBXFileReference; explicitFileType = wrapper.cfbundle; includeInIndex = 0; path = EditUITests.xctest; sourceTree = BUILT_PRODUCTS_DIR; };
		C9FE52BC2A7525D300CACA1A /* EditUITests.swift */ = {isa = PBXFileReference; lastKnownFileType = sourcecode.swift; path = EditUITests.swift; sourceTree = "<group>"; };
		C9FE52BE2A7525D300CACA1A /* EditUITestsLaunchTests.swift */ = {isa = PBXFileReference; lastKnownFileType = sourcecode.swift; path = EditUITestsLaunchTests.swift; sourceTree = "<group>"; };
		C9FE52CB2A7526C000CACA1A /* Project.xcconfig */ = {isa = PBXFileReference; lastKnownFileType = text.xcconfig; path = Project.xcconfig; sourceTree = "<group>"; };
		C9FE52CC2A752B4D00CACA1A /* Edit.xcconfig */ = {isa = PBXFileReference; lastKnownFileType = text.xcconfig; path = Edit.xcconfig; sourceTree = "<group>"; };
		C9FE52D42A7532C700CACA1A /* libDocument.a */ = {isa = PBXFileReference; explicitFileType = archive.ar; includeInIndex = 0; path = libDocument.a; sourceTree = BUILT_PRODUCTS_DIR; };
		C9FE52ED2A7537AC00CACA1A /* ProjectDocumentController.swift */ = {isa = PBXFileReference; fileEncoding = 4; lastKnownFileType = sourcecode.swift; path = ProjectDocumentController.swift; sourceTree = "<group>"; };
		C9FE52F42A7539B100CACA1A /* ChimeKit.framework */ = {isa = PBXFileReference; explicitFileType = wrapper.framework; includeInIndex = 0; path = ChimeKit.framework; sourceTree = BUILT_PRODUCTS_DIR; };
		C9FE530E2A759ADA00CACA1A /* libProjectWindow.a */ = {isa = PBXFileReference; explicitFileType = archive.ar; includeInIndex = 0; path = libProjectWindow.a; sourceTree = BUILT_PRODUCTS_DIR; };
		C9FE53182A759AFE00CACA1A /* ProjectWindowController.swift */ = {isa = PBXFileReference; fileEncoding = 4; lastKnownFileType = sourcecode.swift; path = ProjectWindowController.swift; sourceTree = "<group>"; };
		C9FE531A2A759BC400CACA1A /* Module.xcconfig */ = {isa = PBXFileReference; lastKnownFileType = text.xcconfig; path = Module.xcconfig; sourceTree = "<group>"; };
		C9FE531B2A759CE400CACA1A /* WindowStateModel.swift */ = {isa = PBXFileReference; fileEncoding = 4; lastKnownFileType = sourcecode.swift; path = WindowStateModel.swift; sourceTree = "<group>"; };
		C9FE531D2A759F4C00CACA1A /* ProjectWindowRoot.swift */ = {isa = PBXFileReference; fileEncoding = 4; lastKnownFileType = sourcecode.swift; path = ProjectWindowRoot.swift; sourceTree = "<group>"; };
		C9FE53232A75A17700CACA1A /* libUIUtility.a */ = {isa = PBXFileReference; explicitFileType = archive.ar; includeInIndex = 0; path = libUIUtility.a; sourceTree = BUILT_PRODUCTS_DIR; };
		C9FE532D2A75A1C100CACA1A /* RepresentableView.swift */ = {isa = PBXFileReference; fileEncoding = 4; lastKnownFileType = sourcecode.swift; path = RepresentableView.swift; sourceTree = "<group>"; };
		C9FE532E2A75A1C100CACA1A /* RepresentableViewController.swift */ = {isa = PBXFileReference; fileEncoding = 4; lastKnownFileType = sourcecode.swift; path = RepresentableViewController.swift; sourceTree = "<group>"; };
		C9FE53522A7660DF00CACA1A /* libInspector.a */ = {isa = PBXFileReference; explicitFileType = archive.ar; includeInIndex = 0; path = libInspector.a; sourceTree = BUILT_PRODUCTS_DIR; };
		C9FE53612A76619800CACA1A /* Inspector.swift */ = {isa = PBXFileReference; fileEncoding = 4; lastKnownFileType = sourcecode.swift; path = Inspector.swift; sourceTree = "<group>"; };
		C9FE536A2A7661D400CACA1A /* libSearch.a */ = {isa = PBXFileReference; explicitFileType = archive.ar; includeInIndex = 0; path = libSearch.a; sourceTree = BUILT_PRODUCTS_DIR; };
		C9FE53742A7661F100CACA1A /* SearchBar.swift */ = {isa = PBXFileReference; fileEncoding = 4; lastKnownFileType = sourcecode.swift; path = SearchBar.swift; sourceTree = "<group>"; };
		C9FE537A2A7662DC00CACA1A /* libEditor.a */ = {isa = PBXFileReference; explicitFileType = archive.ar; includeInIndex = 0; path = libEditor.a; sourceTree = BUILT_PRODUCTS_DIR; };
		C9FE53862A7663D200CACA1A /* EditorContentViewController.swift */ = {isa = PBXFileReference; fileEncoding = 4; lastKnownFileType = sourcecode.swift; path = EditorContentViewController.swift; sourceTree = "<group>"; };
		C9FE539B2A76709D00CACA1A /* libStatus.a */ = {isa = PBXFileReference; explicitFileType = archive.ar; includeInIndex = 0; path = libStatus.a; sourceTree = BUILT_PRODUCTS_DIR; };
		C9FE53A52A7670BB00CACA1A /* StatusBar.swift */ = {isa = PBXFileReference; fileEncoding = 4; lastKnownFileType = sourcecode.swift; path = StatusBar.swift; sourceTree = "<group>"; };
		C9FE53AA2A76753D00CACA1A /* SourcePresentationViewController.swift */ = {isa = PBXFileReference; fileEncoding = 4; lastKnownFileType = sourcecode.swift; path = SourcePresentationViewController.swift; sourceTree = "<group>"; };
		C9FE53AC2A7677A700CACA1A /* EditorScrollView.swift */ = {isa = PBXFileReference; fileEncoding = 4; lastKnownFileType = sourcecode.swift; path = EditorScrollView.swift; sourceTree = "<group>"; };
		C9FE53B72A77328E00CACA1A /* SourceView */ = {isa = PBXFileReference; lastKnownFileType = wrapper; name = SourceView; path = ../SourceView; sourceTree = "<group>"; };
		C9FE53B82A77334E00CACA1A /* SourceViewController.swift */ = {isa = PBXFileReference; fileEncoding = 4; lastKnownFileType = sourcecode.swift; path = SourceViewController.swift; sourceTree = "<group>"; };
		C9FE53BE2A77C02400CACA1A /* BoundingBorders.swift */ = {isa = PBXFileReference; fileEncoding = 4; lastKnownFileType = sourcecode.swift; path = BoundingBorders.swift; sourceTree = "<group>"; };
		C9FE53C02A77C06700CACA1A /* ColorView.swift */ = {isa = PBXFileReference; fileEncoding = 4; lastKnownFileType = sourcecode.swift; path = ColorView.swift; sourceTree = "<group>"; };
		C9FE53C82A77CC1E00CACA1A /* libTheme.a */ = {isa = PBXFileReference; explicitFileType = archive.ar; includeInIndex = 0; path = libTheme.a; sourceTree = BUILT_PRODUCTS_DIR; };
		C9FE53D42A77CC8300CACA1A /* Theme.swift */ = {isa = PBXFileReference; fileEncoding = 4; lastKnownFileType = sourcecode.swift; path = Theme.swift; sourceTree = "<group>"; };
		C9FE53D72A77D98A00CACA1A /* EditorContent.swift */ = {isa = PBXFileReference; fileEncoding = 4; lastKnownFileType = sourcecode.swift; path = EditorContent.swift; sourceTree = "<group>"; };
		C9FE53DD2A7A5A2A00CACA1A /* libExtensionHost.a */ = {isa = PBXFileReference; explicitFileType = archive.ar; includeInIndex = 0; path = libExtensionHost.a; sourceTree = BUILT_PRODUCTS_DIR; };
		C9FE53E72A7A5B2000CACA1A /* LazyRemoteExtension.swift */ = {isa = PBXFileReference; fileEncoding = 4; lastKnownFileType = sourcecode.swift; path = LazyRemoteExtension.swift; sourceTree = "<group>"; };
		C9FE53F42A7A5EF900CACA1A /* libUtility.a */ = {isa = PBXFileReference; explicitFileType = archive.ar; includeInIndex = 0; path = libUtility.a; sourceTree = BUILT_PRODUCTS_DIR; };
		C9FE53FE2A7A5F1600CACA1A /* Logger+init.swift */ = {isa = PBXFileReference; fileEncoding = 4; lastKnownFileType = sourcecode.swift; path = "Logger+init.swift"; sourceTree = "<group>"; };
		C9FE54042A7A613C00CACA1A /* FilteringExtension.swift */ = {isa = PBXFileReference; fileEncoding = 4; lastKnownFileType = sourcecode.swift; path = FilteringExtension.swift; sourceTree = "<group>"; };
		C9FE54062A7A617000CACA1A /* ExtensionDocumentState.swift */ = {isa = PBXFileReference; fileEncoding = 4; lastKnownFileType = sourcecode.swift; path = ExtensionDocumentState.swift; sourceTree = "<group>"; };
		C9FE54082A7A625300CACA1A /* EditTests.xcconfig */ = {isa = PBXFileReference; lastKnownFileType = text.xcconfig; path = EditTests.xcconfig; sourceTree = "<group>"; };
		C9FE54092A7A62DB00CACA1A /* MockExtension.swift */ = {isa = PBXFileReference; fileEncoding = 4; lastKnownFileType = sourcecode.swift; path = MockExtension.swift; sourceTree = "<group>"; };
		C9FE54112A7A66D500CACA1A /* ContextBuffer.swift */ = {isa = PBXFileReference; fileEncoding = 4; lastKnownFileType = sourcecode.swift; path = ContextBuffer.swift; sourceTree = "<group>"; };
/* End PBXFileReference section */

/* Begin PBXFrameworksBuildPhase section */
		C9F79DEB2A8FF065005ED8E9 /* Frameworks */ = {
			isa = PBXFrameworksBuildPhase;
			buildActionMask = 2147483647;
			files = (
			);
			runOnlyForDeploymentPostprocessing = 0;
		};
		C9FE52962A7525D000CACA1A /* Frameworks */ = {
			isa = PBXFrameworksBuildPhase;
			buildActionMask = 2147483647;
			files = (
				C9F79E002A90DCE9005ED8E9 /* libNavigator.a in Frameworks */,
				C9FE54032A7A607D00CACA1A /* libExtensionHost.a in Frameworks */,
				C9FE54022A7A607100CACA1A /* libUtility.a in Frameworks */,
				C9FE53D62A77CDE500CACA1A /* libTheme.a in Frameworks */,
				C9FE53A92A76713900CACA1A /* libStatus.a in Frameworks */,
				C9FE53942A766AB300CACA1A /* libSearch.a in Frameworks */,
				C9FE53932A766AAD00CACA1A /* libInspector.a in Frameworks */,
				C9FE53B22A7677E100CACA1A /* ScrollViewPlus in Frameworks */,
				C9F79DE02A87E661005ED8E9 /* Outline in Frameworks */,
				C9FE53BD2A77354400CACA1A /* SourceView in Frameworks */,
				C9FE53912A766A9D00CACA1A /* libEditor.a in Frameworks */,
				C9FE53362A75A40400CACA1A /* libProjectWindow.a in Frameworks */,
				C9FE533B2A75A76000CACA1A /* WindowTreatment in Frameworks */,
				C9FE53332A75A22800CACA1A /* libUIUtility.a in Frameworks */,
				C9FE52FA2A7539B100CACA1A /* ChimeKit.framework in Frameworks */,
				C9FE52E32A7533FE00CACA1A /* libDocument.a in Frameworks */,
				C9FE52EA2A75377200CACA1A /* ContainedDocument in Frameworks */,
			);
			runOnlyForDeploymentPostprocessing = 0;
		};
		C9FE52AB2A7525D300CACA1A /* Frameworks */ = {
			isa = PBXFrameworksBuildPhase;
			buildActionMask = 2147483647;
			files = (
				C9FE54102A7A642A00CACA1A /* ChimeKit.framework in Frameworks */,
				C9FE540D2A7A630200CACA1A /* libExtensionHost.a in Frameworks */,
			);
			runOnlyForDeploymentPostprocessing = 0;
		};
		C9FE52B52A7525D300CACA1A /* Frameworks */ = {
			isa = PBXFrameworksBuildPhase;
			buildActionMask = 2147483647;
			files = (
			);
			runOnlyForDeploymentPostprocessing = 0;
		};
		C9FE52D22A7532C700CACA1A /* Frameworks */ = {
			isa = PBXFrameworksBuildPhase;
			buildActionMask = 2147483647;
			files = (
			);
			runOnlyForDeploymentPostprocessing = 0;
		};
		C9FE52F12A7539B100CACA1A /* Frameworks */ = {
			isa = PBXFrameworksBuildPhase;
			buildActionMask = 2147483647;
			files = (
				C9FE53022A753A3D00CACA1A /* ChimeKit in Frameworks */,
			);
			runOnlyForDeploymentPostprocessing = 0;
		};
		C9FE530C2A759ADA00CACA1A /* Frameworks */ = {
			isa = PBXFrameworksBuildPhase;
			buildActionMask = 2147483647;
			files = (
			);
			runOnlyForDeploymentPostprocessing = 0;
		};
		C9FE53212A75A17700CACA1A /* Frameworks */ = {
			isa = PBXFrameworksBuildPhase;
			buildActionMask = 2147483647;
			files = (
			);
			runOnlyForDeploymentPostprocessing = 0;
		};
		C9FE53502A7660DF00CACA1A /* Frameworks */ = {
			isa = PBXFrameworksBuildPhase;
			buildActionMask = 2147483647;
			files = (
			);
			runOnlyForDeploymentPostprocessing = 0;
		};
		C9FE53682A7661D400CACA1A /* Frameworks */ = {
			isa = PBXFrameworksBuildPhase;
			buildActionMask = 2147483647;
			files = (
			);
			runOnlyForDeploymentPostprocessing = 0;
		};
		C9FE53782A7662DC00CACA1A /* Frameworks */ = {
			isa = PBXFrameworksBuildPhase;
			buildActionMask = 2147483647;
			files = (
			);
			runOnlyForDeploymentPostprocessing = 0;
		};
		C9FE53992A76709D00CACA1A /* Frameworks */ = {
			isa = PBXFrameworksBuildPhase;
			buildActionMask = 2147483647;
			files = (
			);
			runOnlyForDeploymentPostprocessing = 0;
		};
		C9FE53C62A77CC1E00CACA1A /* Frameworks */ = {
			isa = PBXFrameworksBuildPhase;
			buildActionMask = 2147483647;
			files = (
			);
			runOnlyForDeploymentPostprocessing = 0;
		};
		C9FE53DB2A7A5A2A00CACA1A /* Frameworks */ = {
			isa = PBXFrameworksBuildPhase;
			buildActionMask = 2147483647;
			files = (
			);
			runOnlyForDeploymentPostprocessing = 0;
		};
		C9FE53F22A7A5EF900CACA1A /* Frameworks */ = {
			isa = PBXFrameworksBuildPhase;
			buildActionMask = 2147483647;
			files = (
			);
			runOnlyForDeploymentPostprocessing = 0;
		};
/* End PBXFrameworksBuildPhase section */

/* Begin PBXGroup section */
		C96A85322A7A8322005ED222 /* Extensions */ = {
			isa = PBXGroup;
			children = (
				C96A85332A7A8339005ED222 /* URL+Bookmarks.swift */,
			);
			path = Extensions;
			sourceTree = "<group>";
		};
		C96A85372A7A83FA005ED222 /* Mocks */ = {
			isa = PBXGroup;
			children = (
				C9FE54092A7A62DB00CACA1A /* MockExtension.swift */,
			);
			path = Mocks;
			sourceTree = "<group>";
		};
		C9F79DF62A8FF06E005ED8E9 /* Navigator */ = {
			isa = PBXGroup;
			children = (
				C9F79DD82A87E44A005ED8E9 /* NavigatorItem.swift */,
				C9F79DDA2A87E46A005ED8E9 /* Navigator.swift */,
				C9F79DE52A8B9C8A005ED8E9 /* NavigatorScrollView.swift */,
			);
			path = Navigator;
			sourceTree = "<group>";
		};
		C9FE52902A7525D000CACA1A = {
			isa = PBXGroup;
			children = (
				C9FE53B72A77328E00CACA1A /* SourceView */,
				C9F79DDC2A87E64C005ED8E9 /* Outline */,
				C98EA41D2A91574D00B8815E /* ContainedDocument */,
				C9FE538E2A76674600CACA1A /* Configurations */,
				C9FE529B2A7525D000CACA1A /* Edit */,
				C9FE52B12A7525D300CACA1A /* EditTests */,
				C9FE52BB2A7525D300CACA1A /* EditUITests */,
				C9FE529A2A7525D000CACA1A /* Products */,
				C9FE52E22A7533FE00CACA1A /* Frameworks */,
			);
			sourceTree = "<group>";
		};
		C9FE529A2A7525D000CACA1A /* Products */ = {
			isa = PBXGroup;
			children = (
				C9FE52992A7525D000CACA1A /* Chime.app */,
				C9FE52AE2A7525D300CACA1A /* EditTests.xctest */,
				C9FE52B82A7525D300CACA1A /* EditUITests.xctest */,
				C9FE52D42A7532C700CACA1A /* libDocument.a */,
				C9FE52F42A7539B100CACA1A /* ChimeKit.framework */,
				C9FE530E2A759ADA00CACA1A /* libProjectWindow.a */,
				C9FE53232A75A17700CACA1A /* libUIUtility.a */,
				C9FE53522A7660DF00CACA1A /* libInspector.a */,
				C9FE536A2A7661D400CACA1A /* libSearch.a */,
				C9FE537A2A7662DC00CACA1A /* libEditor.a */,
				C9FE539B2A76709D00CACA1A /* libStatus.a */,
				C9FE53C82A77CC1E00CACA1A /* libTheme.a */,
				C9FE53DD2A7A5A2A00CACA1A /* libExtensionHost.a */,
				C9FE53F42A7A5EF900CACA1A /* libUtility.a */,
				C9F79DED2A8FF065005ED8E9 /* libNavigator.a */,
			);
			name = Products;
			sourceTree = "<group>";
		};
		C9FE529B2A7525D000CACA1A /* Edit */ = {
			isa = PBXGroup;
			children = (
				C9FE529C2A7525D000CACA1A /* AppDelegate.swift */,
				C9FE52CD2A752BA800CACA1A /* Resources */,
				C9FE52CF2A75323800CACA1A /* Modules */,
			);
			path = Edit;
			sourceTree = "<group>";
		};
		C9FE52B12A7525D300CACA1A /* EditTests */ = {
			isa = PBXGroup;
			children = (
				C96A85372A7A83FA005ED222 /* Mocks */,
				C9FE52B22A7525D300CACA1A /* FilteringExtensionTests.swift */,
			);
			path = EditTests;
			sourceTree = "<group>";
		};
		C9FE52BB2A7525D300CACA1A /* EditUITests */ = {
			isa = PBXGroup;
			children = (
				C9FE52BC2A7525D300CACA1A /* EditUITests.swift */,
				C9FE52BE2A7525D300CACA1A /* EditUITestsLaunchTests.swift */,
			);
			path = EditUITests;
			sourceTree = "<group>";
		};
		C9FE52CD2A752BA800CACA1A /* Resources */ = {
			isa = PBXGroup;
			children = (
				C9FE52A52A7525D300CACA1A /* MainMenu.xib */,
				C9FE52A32A7525D300CACA1A /* Assets.xcassets */,
				C9FE52A92A7525D300CACA1A /* Edit.entitlements */,
				C9FE52A82A7525D300CACA1A /* Info.plist */,
			);
			path = Resources;
			sourceTree = "<group>";
		};
		C9FE52CF2A75323800CACA1A /* Modules */ = {
			isa = PBXGroup;
			children = (
				C9FE52DD2A7532D500CACA1A /* Document */,
				C9FE53832A7662F800CACA1A /* Editor */,
				C9FE53E62A7A5B2000CACA1A /* ExtensionHost */,
				C9FE53602A76619800CACA1A /* Inspector */,
				C9F79DF62A8FF06E005ED8E9 /* Navigator */,
				C9FE53172A759AE800CACA1A /* ProjectWindow */,
				C9FE53732A7661F100CACA1A /* Search */,
				C9FE53A42A7670BB00CACA1A /* Status */,
				C9FE53D32A77CC8300CACA1A /* Theme */,
				C9FE532C2A75A18500CACA1A /* UIUtility */,
				C9FE53FD2A7A5F1600CACA1A /* Utility */,
			);
			path = Modules;
			sourceTree = "<group>";
		};
		C9FE52DD2A7532D500CACA1A /* Document */ = {
			isa = PBXGroup;
			children = (
				C96A85322A7A8322005ED222 /* Extensions */,
				C9FE53072A753B3D00CACA1A /* Models */,
				C96A852C2A7A6E22005ED222 /* DirectoryDocument.swift */,
				C96A852E2A7A703D005ED222 /* OpenPanelAccessoryViewController.swift */,
				C9FE52ED2A7537AC00CACA1A /* ProjectDocumentController.swift */,
				C9FE529E2A7525D000CACA1A /* TextDocument.swift */,
				C98EA4192A912A2900B8815E /* ProjectDocument.swift */,
			);
			path = Document;
			sourceTree = "<group>";
		};
		C9FE52E22A7533FE00CACA1A /* Frameworks */ = {
			isa = PBXGroup;
			children = (
			);
			name = Frameworks;
			sourceTree = "<group>";
		};
		C9FE53072A753B3D00CACA1A /* Models */ = {
			isa = PBXGroup;
			children = (
				C9FE54112A7A66D500CACA1A /* ContextBuffer.swift */,
				C96A853F2A7BC3F5005ED222 /* DocumentState.swift */,
				C96A85392A7B2C47005ED222 /* Project.swift */,
			);
			path = Models;
			sourceTree = "<group>";
		};
		C9FE53172A759AE800CACA1A /* ProjectWindow */ = {
			isa = PBXGroup;
			children = (
				C9FE531B2A759CE400CACA1A /* WindowStateModel.swift */,
				C9FE53182A759AFE00CACA1A /* ProjectWindowController.swift */,
				C9FE531D2A759F4C00CACA1A /* ProjectWindowRoot.swift */,
				C94F7EC02A7D8C1900E0361A /* ProjectContentViewController.swift */,
			);
			path = ProjectWindow;
			sourceTree = "<group>";
		};
		C9FE532C2A75A18500CACA1A /* UIUtility */ = {
			isa = PBXGroup;
			children = (
				C9FE53C02A77C06700CACA1A /* ColorView.swift */,
				C9FE53BE2A77C02400CACA1A /* BoundingBorders.swift */,
				C9FE532E2A75A1C100CACA1A /* RepresentableViewController.swift */,
				C9FE532D2A75A1C100CACA1A /* RepresentableView.swift */,
			);
			path = UIUtility;
			sourceTree = "<group>";
		};
		C9FE53602A76619800CACA1A /* Inspector */ = {
			isa = PBXGroup;
			children = (
				C9FE53612A76619800CACA1A /* Inspector.swift */,
			);
			path = Inspector;
			sourceTree = "<group>";
		};
		C9FE53732A7661F100CACA1A /* Search */ = {
			isa = PBXGroup;
			children = (
				C9FE53742A7661F100CACA1A /* SearchBar.swift */,
			);
			path = Search;
			sourceTree = "<group>";
		};
		C9FE53832A7662F800CACA1A /* Editor */ = {
			isa = PBXGroup;
			children = (
				C9FE53AC2A7677A700CACA1A /* EditorScrollView.swift */,
				C9FE53AA2A76753D00CACA1A /* SourcePresentationViewController.swift */,
				C9FE53862A7663D200CACA1A /* EditorContentViewController.swift */,
				C9FE53B82A77334E00CACA1A /* SourceViewController.swift */,
				C9FE53D72A77D98A00CACA1A /* EditorContent.swift */,
			);
			path = Editor;
			sourceTree = "<group>";
		};
		C9FE538E2A76674600CACA1A /* Configurations */ = {
			isa = PBXGroup;
			children = (
				C9FE52CC2A752B4D00CACA1A /* Edit.xcconfig */,
				C9FE54082A7A625300CACA1A /* EditTests.xcconfig */,
				C9FE52CB2A7526C000CACA1A /* Project.xcconfig */,
				C9FE531A2A759BC400CACA1A /* Module.xcconfig */,
			);
			path = Configurations;
			sourceTree = "<group>";
		};
		C9FE53A42A7670BB00CACA1A /* Status */ = {
			isa = PBXGroup;
			children = (
				C9FE53A52A7670BB00CACA1A /* StatusBar.swift */,
			);
			path = Status;
			sourceTree = "<group>";
		};
		C9FE53D32A77CC8300CACA1A /* Theme */ = {
			isa = PBXGroup;
			children = (
				C9FE53D42A77CC8300CACA1A /* Theme.swift */,
			);
			path = Theme;
			sourceTree = "<group>";
		};
		C9FE53E62A7A5B2000CACA1A /* ExtensionHost */ = {
			isa = PBXGroup;
			children = (
				C9FE54062A7A617000CACA1A /* ExtensionDocumentState.swift */,
				C9FE54042A7A613C00CACA1A /* FilteringExtension.swift */,
				C9FE53E72A7A5B2000CACA1A /* LazyRemoteExtension.swift */,
			);
			path = ExtensionHost;
			sourceTree = "<group>";
		};
		C9FE53FD2A7A5F1600CACA1A /* Utility */ = {
			isa = PBXGroup;
			children = (
				C9FE53FE2A7A5F1600CACA1A /* Logger+init.swift */,
				C9F79DD62A87E3FA005ED8E9 /* URL+Contents.swift */,
			);
			path = Utility;
			sourceTree = "<group>";
		};
/* End PBXGroup section */

/* Begin PBXHeadersBuildPhase section */
		C9F79DE92A8FF065005ED8E9 /* Headers */ = {
			isa = PBXHeadersBuildPhase;
			buildActionMask = 2147483647;
			files = (
			);
			runOnlyForDeploymentPostprocessing = 0;
		};
		C9FE52D02A7532C700CACA1A /* Headers */ = {
			isa = PBXHeadersBuildPhase;
			buildActionMask = 2147483647;
			files = (
			);
			runOnlyForDeploymentPostprocessing = 0;
		};
		C9FE52EF2A7539B100CACA1A /* Headers */ = {
			isa = PBXHeadersBuildPhase;
			buildActionMask = 2147483647;
			files = (
			);
			runOnlyForDeploymentPostprocessing = 0;
		};
		C9FE530A2A759ADA00CACA1A /* Headers */ = {
			isa = PBXHeadersBuildPhase;
			buildActionMask = 2147483647;
			files = (
			);
			runOnlyForDeploymentPostprocessing = 0;
		};
		C9FE531F2A75A17700CACA1A /* Headers */ = {
			isa = PBXHeadersBuildPhase;
			buildActionMask = 2147483647;
			files = (
			);
			runOnlyForDeploymentPostprocessing = 0;
		};
		C9FE534E2A7660DF00CACA1A /* Headers */ = {
			isa = PBXHeadersBuildPhase;
			buildActionMask = 2147483647;
			files = (
			);
			runOnlyForDeploymentPostprocessing = 0;
		};
		C9FE53662A7661D400CACA1A /* Headers */ = {
			isa = PBXHeadersBuildPhase;
			buildActionMask = 2147483647;
			files = (
			);
			runOnlyForDeploymentPostprocessing = 0;
		};
		C9FE53762A7662DC00CACA1A /* Headers */ = {
			isa = PBXHeadersBuildPhase;
			buildActionMask = 2147483647;
			files = (
			);
			runOnlyForDeploymentPostprocessing = 0;
		};
		C9FE53972A76709D00CACA1A /* Headers */ = {
			isa = PBXHeadersBuildPhase;
			buildActionMask = 2147483647;
			files = (
			);
			runOnlyForDeploymentPostprocessing = 0;
		};
		C9FE53C42A77CC1E00CACA1A /* Headers */ = {
			isa = PBXHeadersBuildPhase;
			buildActionMask = 2147483647;
			files = (
			);
			runOnlyForDeploymentPostprocessing = 0;
		};
		C9FE53D92A7A5A2A00CACA1A /* Headers */ = {
			isa = PBXHeadersBuildPhase;
			buildActionMask = 2147483647;
			files = (
			);
			runOnlyForDeploymentPostprocessing = 0;
		};
		C9FE53F02A7A5EF900CACA1A /* Headers */ = {
			isa = PBXHeadersBuildPhase;
			buildActionMask = 2147483647;
			files = (
			);
			runOnlyForDeploymentPostprocessing = 0;
		};
/* End PBXHeadersBuildPhase section */

/* Begin PBXNativeTarget section */
		C9F79DEC2A8FF065005ED8E9 /* Navigator */ = {
			isa = PBXNativeTarget;
			buildConfigurationList = C9F79DF32A8FF065005ED8E9 /* Build configuration list for PBXNativeTarget "Navigator" */;
			buildPhases = (
				C9F79DE92A8FF065005ED8E9 /* Headers */,
				C9F79DEA2A8FF065005ED8E9 /* Sources */,
				C9F79DEB2A8FF065005ED8E9 /* Frameworks */,
			);
			buildRules = (
			);
			dependencies = (
				C9F79DFF2A90DCCC005ED8E9 /* PBXTargetDependency */,
				C9F79DFD2A90DCBF005ED8E9 /* PBXTargetDependency */,
			);
			name = Navigator;
			productName = Navigator;
			productReference = C9F79DED2A8FF065005ED8E9 /* libNavigator.a */;
			productType = "com.apple.product-type.library.static";
		};
		C9FE52982A7525D000CACA1A /* Edit */ = {
			isa = PBXNativeTarget;
			buildConfigurationList = C9FE52C22A7525D300CACA1A /* Build configuration list for PBXNativeTarget "Edit" */;
			buildPhases = (
				C9FE52952A7525D000CACA1A /* Sources */,
				C9FE52962A7525D000CACA1A /* Frameworks */,
				C9FE52972A7525D000CACA1A /* Resources */,
				C9FE52FB2A7539B100CACA1A /* Embed Frameworks */,
			);
			buildRules = (
			);
			dependencies = (
				C9FE52DF2A7533BA00CACA1A /* PBXTargetDependency */,
				C9FE52F92A7539B100CACA1A /* PBXTargetDependency */,
			);
			name = Edit;
			packageProductDependencies = (
				C9FE52E92A75377200CACA1A /* ContainedDocument */,
				C9FE533A2A75A76000CACA1A /* WindowTreatment */,
				C9FE53B12A7677E100CACA1A /* ScrollViewPlus */,
				C9FE53BC2A77354400CACA1A /* SourceView */,
				C9F79DDF2A87E661005ED8E9 /* Outline */,
			);
			productName = Edit;
			productReference = C9FE52992A7525D000CACA1A /* Chime.app */;
			productType = "com.apple.product-type.application";
		};
		C9FE52AD2A7525D300CACA1A /* EditTests */ = {
			isa = PBXNativeTarget;
			buildConfigurationList = C9FE52C52A7525D300CACA1A /* Build configuration list for PBXNativeTarget "EditTests" */;
			buildPhases = (
				C9FE52AA2A7525D300CACA1A /* Sources */,
				C9FE52AB2A7525D300CACA1A /* Frameworks */,
				C9FE52AC2A7525D300CACA1A /* Resources */,
			);
			buildRules = (
			);
			dependencies = (
				C9FE540F2A7A642500CACA1A /* PBXTargetDependency */,
				C9FE540C2A7A62FB00CACA1A /* PBXTargetDependency */,
				C9FE52B02A7525D300CACA1A /* PBXTargetDependency */,
			);
			name = EditTests;
			productName = EditTests;
			productReference = C9FE52AE2A7525D300CACA1A /* EditTests.xctest */;
			productType = "com.apple.product-type.bundle.unit-test";
		};
		C9FE52B72A7525D300CACA1A /* EditUITests */ = {
			isa = PBXNativeTarget;
			buildConfigurationList = C9FE52C82A7525D300CACA1A /* Build configuration list for PBXNativeTarget "EditUITests" */;
			buildPhases = (
				C9FE52B42A7525D300CACA1A /* Sources */,
				C9FE52B52A7525D300CACA1A /* Frameworks */,
				C9FE52B62A7525D300CACA1A /* Resources */,
			);
			buildRules = (
			);
			dependencies = (
				C9FE52BA2A7525D300CACA1A /* PBXTargetDependency */,
			);
			name = EditUITests;
			productName = EditUITests;
			productReference = C9FE52B82A7525D300CACA1A /* EditUITests.xctest */;
			productType = "com.apple.product-type.bundle.ui-testing";
		};
		C9FE52D32A7532C700CACA1A /* Document */ = {
			isa = PBXNativeTarget;
			buildConfigurationList = C9FE52DA2A7532C700CACA1A /* Build configuration list for PBXNativeTarget "Document" */;
			buildPhases = (
				C9FE52D02A7532C700CACA1A /* Headers */,
				C9FE52D12A7532C700CACA1A /* Sources */,
				C9FE52D22A7532C700CACA1A /* Frameworks */,
			);
			buildRules = (
			);
			dependencies = (
				C9FE53902A766A9400CACA1A /* PBXTargetDependency */,
				C9FE53352A75A30E00CACA1A /* PBXTargetDependency */,
				C9FE53062A753B2600CACA1A /* PBXTargetDependency */,
				C9FE52EC2A75378000CACA1A /* PBXTargetDependency */,
			);
			name = Document;
			packageProductDependencies = (
			);
			productName = Document;
			productReference = C9FE52D42A7532C700CACA1A /* libDocument.a */;
			productType = "com.apple.product-type.library.static";
		};
		C9FE52F32A7539B100CACA1A /* ChimeKit */ = {
			isa = PBXNativeTarget;
			buildConfigurationList = C9FE52FD2A7539B100CACA1A /* Build configuration list for PBXNativeTarget "ChimeKit" */;
			buildPhases = (
				C9FE52EF2A7539B100CACA1A /* Headers */,
				C9FE52F02A7539B100CACA1A /* Sources */,
				C9FE52F12A7539B100CACA1A /* Frameworks */,
				C9FE52F22A7539B100CACA1A /* Resources */,
			);
			buildRules = (
			);
			dependencies = (
				C9FE53042A753A4E00CACA1A /* PBXTargetDependency */,
			);
			name = ChimeKit;
			packageProductDependencies = (
				C9FE53012A753A3D00CACA1A /* ChimeKit */,
			);
			productName = ChimeKit;
			productReference = C9FE52F42A7539B100CACA1A /* ChimeKit.framework */;
			productType = "com.apple.product-type.framework";
		};
		C9FE530D2A759ADA00CACA1A /* ProjectWindow */ = {
			isa = PBXNativeTarget;
			buildConfigurationList = C9FE53142A759ADA00CACA1A /* Build configuration list for PBXNativeTarget "ProjectWindow" */;
			buildPhases = (
				C9FE530A2A759ADA00CACA1A /* Headers */,
				C9FE530B2A759ADA00CACA1A /* Sources */,
				C9FE530C2A759ADA00CACA1A /* Frameworks */,
			);
			buildRules = (
			);
			dependencies = (
				C9F79DFB2A8FFC79005ED8E9 /* PBXTargetDependency */,
				C9F79DE42A87E756005ED8E9 /* PBXTargetDependency */,
				C9F79DDE2A87E656005ED8E9 /* PBXTargetDependency */,
				C96A85482A7BEBC4005ED222 /* PBXTargetDependency */,
				C96A85462A7BEBB0005ED222 /* PBXTargetDependency */,
				C9FE533D2A75A76A00CACA1A /* PBXTargetDependency */,
				C9FE53322A75A21E00CACA1A /* PBXTargetDependency */,
			);
			name = ProjectWindow;
			packageProductDependencies = (
			);
			productName = ProjectWindow;
			productReference = C9FE530E2A759ADA00CACA1A /* libProjectWindow.a */;
			productType = "com.apple.product-type.library.static";
		};
		C9FE53222A75A17700CACA1A /* UIUtility */ = {
			isa = PBXNativeTarget;
			buildConfigurationList = C9FE53292A75A17700CACA1A /* Build configuration list for PBXNativeTarget "UIUtility" */;
			buildPhases = (
				C9FE531F2A75A17700CACA1A /* Headers */,
				C9FE53202A75A17700CACA1A /* Sources */,
				C9FE53212A75A17700CACA1A /* Frameworks */,
			);
			buildRules = (
			);
			dependencies = (
			);
			name = UIUtility;
			productName = UIUtility;
			productReference = C9FE53232A75A17700CACA1A /* libUIUtility.a */;
			productType = "com.apple.product-type.library.static";
		};
		C9FE53512A7660DF00CACA1A /* Inspector */ = {
			isa = PBXNativeTarget;
			buildConfigurationList = C9FE53582A7660DF00CACA1A /* Build configuration list for PBXNativeTarget "Inspector" */;
			buildPhases = (
				C9FE534E2A7660DF00CACA1A /* Headers */,
				C9FE534F2A7660DF00CACA1A /* Sources */,
				C9FE53502A7660DF00CACA1A /* Frameworks */,
			);
			buildRules = (
			);
			dependencies = (
				C9FE53962A766D2F00CACA1A /* PBXTargetDependency */,
			);
			name = Inspector;
			productName = Inspector;
			productReference = C9FE53522A7660DF00CACA1A /* libInspector.a */;
			productType = "com.apple.product-type.library.static";
		};
		C9FE53692A7661D400CACA1A /* Search */ = {
			isa = PBXNativeTarget;
			buildConfigurationList = C9FE53702A7661D400CACA1A /* Build configuration list for PBXNativeTarget "Search" */;
			buildPhases = (
				C9FE53662A7661D400CACA1A /* Headers */,
				C9FE53672A7661D400CACA1A /* Sources */,
				C9FE53682A7661D400CACA1A /* Frameworks */,
			);
			buildRules = (
			);
			dependencies = (
				C96A85422A7BEB92005ED222 /* PBXTargetDependency */,
			);
			name = Search;
			productName = Search;
			productReference = C9FE536A2A7661D400CACA1A /* libSearch.a */;
			productType = "com.apple.product-type.library.static";
		};
		C9FE53792A7662DC00CACA1A /* Editor */ = {
			isa = PBXNativeTarget;
			buildConfigurationList = C9FE53802A7662DD00CACA1A /* Build configuration list for PBXNativeTarget "Editor" */;
			buildPhases = (
				C9FE53762A7662DC00CACA1A /* Headers */,
				C9FE53772A7662DC00CACA1A /* Sources */,
				C9FE53782A7662DC00CACA1A /* Frameworks */,
			);
			buildRules = (
			);
			dependencies = (
				C9FE53D22A77CC3100CACA1A /* PBXTargetDependency */,
				C9FE53C32A77C14800CACA1A /* PBXTargetDependency */,
				C9FE53BB2A77353900CACA1A /* PBXTargetDependency */,
				C9FE53B42A7677E800CACA1A /* PBXTargetDependency */,
			);
			name = Editor;
			packageProductDependencies = (
			);
			productName = Editor;
			productReference = C9FE537A2A7662DC00CACA1A /* libEditor.a */;
			productType = "com.apple.product-type.library.static";
		};
		C9FE539A2A76709D00CACA1A /* Status */ = {
			isa = PBXNativeTarget;
			buildConfigurationList = C9FE53A12A76709D00CACA1A /* Build configuration list for PBXNativeTarget "Status" */;
			buildPhases = (
				C9FE53972A76709D00CACA1A /* Headers */,
				C9FE53982A76709D00CACA1A /* Sources */,
				C9FE53992A76709D00CACA1A /* Frameworks */,
			);
			buildRules = (
			);
			dependencies = (
			);
			name = Status;
			productName = Status;
			productReference = C9FE539B2A76709D00CACA1A /* libStatus.a */;
			productType = "com.apple.product-type.library.static";
		};
		C9FE53C72A77CC1E00CACA1A /* Theme */ = {
			isa = PBXNativeTarget;
			buildConfigurationList = C9FE53CE2A77CC1F00CACA1A /* Build configuration list for PBXNativeTarget "Theme" */;
			buildPhases = (
				C9FE53C42A77CC1E00CACA1A /* Headers */,
				C9FE53C52A77CC1E00CACA1A /* Sources */,
				C9FE53C62A77CC1E00CACA1A /* Frameworks */,
			);
			buildRules = (
			);
			dependencies = (
			);
			name = Theme;
			productName = Theme;
			productReference = C9FE53C82A77CC1E00CACA1A /* libTheme.a */;
			productType = "com.apple.product-type.library.static";
		};
		C9FE53DC2A7A5A2A00CACA1A /* ExtensionHost */ = {
			isa = PBXNativeTarget;
			buildConfigurationList = C9FE53E32A7A5A2A00CACA1A /* Build configuration list for PBXNativeTarget "ExtensionHost" */;
			buildPhases = (
				C9FE53D92A7A5A2A00CACA1A /* Headers */,
				C9FE53DA2A7A5A2A00CACA1A /* Sources */,
				C9FE53DB2A7A5A2A00CACA1A /* Frameworks */,
			);
			buildRules = (
			);
			dependencies = (
				C9FE54012A7A606100CACA1A /* PBXTargetDependency */,
				C9FE53EA2A7A5D4000CACA1A /* PBXTargetDependency */,
			);
			name = ExtensionHost;
			productName = ExtensionHost;
			productReference = C9FE53DD2A7A5A2A00CACA1A /* libExtensionHost.a */;
			productType = "com.apple.product-type.library.static";
		};
		C9FE53F32A7A5EF900CACA1A /* Utility */ = {
			isa = PBXNativeTarget;
			buildConfigurationList = C9FE53FA2A7A5EF900CACA1A /* Build configuration list for PBXNativeTarget "Utility" */;
			buildPhases = (
				C9FE53F02A7A5EF900CACA1A /* Headers */,
				C9FE53F12A7A5EF900CACA1A /* Sources */,
				C9FE53F22A7A5EF900CACA1A /* Frameworks */,
			);
			buildRules = (
			);
			dependencies = (
			);
			name = Utility;
			productName = Utility;
			productReference = C9FE53F42A7A5EF900CACA1A /* libUtility.a */;
			productType = "com.apple.product-type.library.static";
		};
/* End PBXNativeTarget section */

/* Begin PBXProject section */
		C9FE52912A7525D000CACA1A /* Project object */ = {
			isa = PBXProject;
			attributes = {
				BuildIndependentTargetsInParallel = 1;
				LastSwiftUpdateCheck = 1500;
				LastUpgradeCheck = 1500;
				TargetAttributes = {
					C9F79DEC2A8FF065005ED8E9 = {
						CreatedOnToolsVersion = 15.0;
					};
					C9FE52982A7525D000CACA1A = {
						CreatedOnToolsVersion = 15.0;
					};
					C9FE52AD2A7525D300CACA1A = {
						CreatedOnToolsVersion = 15.0;
						TestTargetID = C9FE52982A7525D000CACA1A;
					};
					C9FE52B72A7525D300CACA1A = {
						CreatedOnToolsVersion = 15.0;
						TestTargetID = C9FE52982A7525D000CACA1A;
					};
					C9FE52D32A7532C700CACA1A = {
						CreatedOnToolsVersion = 15.0;
					};
					C9FE52F32A7539B100CACA1A = {
						CreatedOnToolsVersion = 15.0;
					};
					C9FE530D2A759ADA00CACA1A = {
						CreatedOnToolsVersion = 15.0;
						LastSwiftMigration = 1500;
					};
					C9FE53222A75A17700CACA1A = {
						CreatedOnToolsVersion = 15.0;
						LastSwiftMigration = 1500;
					};
					C9FE53512A7660DF00CACA1A = {
						CreatedOnToolsVersion = 15.0;
					};
					C9FE53692A7661D400CACA1A = {
						CreatedOnToolsVersion = 15.0;
					};
					C9FE53792A7662DC00CACA1A = {
						CreatedOnToolsVersion = 15.0;
					};
					C9FE539A2A76709D00CACA1A = {
						CreatedOnToolsVersion = 15.0;
					};
					C9FE53C72A77CC1E00CACA1A = {
						CreatedOnToolsVersion = 15.0;
					};
					C9FE53DC2A7A5A2A00CACA1A = {
						CreatedOnToolsVersion = 15.0;
					};
					C9FE53F32A7A5EF900CACA1A = {
						CreatedOnToolsVersion = 15.0;
					};
				};
			};
			buildConfigurationList = C9FE52942A7525D000CACA1A /* Build configuration list for PBXProject "Edit" */;
			compatibilityVersion = "Xcode 14.0";
			developmentRegion = en;
			hasScannedForEncodings = 0;
			knownRegions = (
				en,
				Base,
			);
			mainGroup = C9FE52902A7525D000CACA1A;
			packageReferences = (
				C9FE52E62A75375300CACA1A /* XCRemoteSwiftPackageReference "ContainedDocument" */,
				C9FE53002A753A3D00CACA1A /* XCRemoteSwiftPackageReference "ChimeKit" */,
				C9FE53372A75A75400CACA1A /* XCRemoteSwiftPackageReference "WindowTreatment" */,
				C9FE53AE2A7677D100CACA1A /* XCRemoteSwiftPackageReference "ScrollViewPlus" */,
				C9FE53EB2A7A5D9700CACA1A /* XCRemoteSwiftPackageReference "Extendable" */,
				C98EA4162A90F17700B8815E /* XCRemoteSwiftPackageReference "ProcessEnv" */,
			);
			productRefGroup = C9FE529A2A7525D000CACA1A /* Products */;
			projectDirPath = "";
			projectRoot = "";
			targets = (
				C9FE52982A7525D000CACA1A /* Edit */,
				C9FE52F32A7539B100CACA1A /* ChimeKit */,
				C9FE52AD2A7525D300CACA1A /* EditTests */,
				C9FE52B72A7525D300CACA1A /* EditUITests */,
				C9FE52D32A7532C700CACA1A /* Document */,
				C9FE530D2A759ADA00CACA1A /* ProjectWindow */,
				C9FE53222A75A17700CACA1A /* UIUtility */,
				C9FE53512A7660DF00CACA1A /* Inspector */,
				C9FE53692A7661D400CACA1A /* Search */,
				C9FE53792A7662DC00CACA1A /* Editor */,
				C9FE539A2A76709D00CACA1A /* Status */,
				C9FE53C72A77CC1E00CACA1A /* Theme */,
				C9FE53DC2A7A5A2A00CACA1A /* ExtensionHost */,
				C9FE53F32A7A5EF900CACA1A /* Utility */,
				C9F79DEC2A8FF065005ED8E9 /* Navigator */,
			);
		};
/* End PBXProject section */

/* Begin PBXResourcesBuildPhase section */
		C9FE52972A7525D000CACA1A /* Resources */ = {
			isa = PBXResourcesBuildPhase;
			buildActionMask = 2147483647;
			files = (
				C9FE52A42A7525D300CACA1A /* Assets.xcassets in Resources */,
				C9FE52A72A7525D300CACA1A /* MainMenu.xib in Resources */,
			);
			runOnlyForDeploymentPostprocessing = 0;
		};
		C9FE52AC2A7525D300CACA1A /* Resources */ = {
			isa = PBXResourcesBuildPhase;
			buildActionMask = 2147483647;
			files = (
			);
			runOnlyForDeploymentPostprocessing = 0;
		};
		C9FE52B62A7525D300CACA1A /* Resources */ = {
			isa = PBXResourcesBuildPhase;
			buildActionMask = 2147483647;
			files = (
			);
			runOnlyForDeploymentPostprocessing = 0;
		};
		C9FE52F22A7539B100CACA1A /* Resources */ = {
			isa = PBXResourcesBuildPhase;
			buildActionMask = 2147483647;
			files = (
			);
			runOnlyForDeploymentPostprocessing = 0;
		};
/* End PBXResourcesBuildPhase section */

/* Begin PBXSourcesBuildPhase section */
		C9F79DEA2A8FF065005ED8E9 /* Sources */ = {
			isa = PBXSourcesBuildPhase;
			buildActionMask = 2147483647;
			files = (
				C9F79DF92A8FFC6D005ED8E9 /* NavigatorScrollView.swift in Sources */,
				C9F79DF72A8FFC65005ED8E9 /* NavigatorItem.swift in Sources */,
				C9F79DF82A8FFC6A005ED8E9 /* Navigator.swift in Sources */,
			);
			runOnlyForDeploymentPostprocessing = 0;
		};
		C9FE52952A7525D000CACA1A /* Sources */ = {
			isa = PBXSourcesBuildPhase;
			buildActionMask = 2147483647;
			files = (
				C9FE529D2A7525D000CACA1A /* AppDelegate.swift in Sources */,
			);
			runOnlyForDeploymentPostprocessing = 0;
		};
		C9FE52AA2A7525D300CACA1A /* Sources */ = {
			isa = PBXSourcesBuildPhase;
			buildActionMask = 2147483647;
			files = (
				C9FE52B32A7525D300CACA1A /* FilteringExtensionTests.swift in Sources */,
				C9FE540A2A7A62DB00CACA1A /* MockExtension.swift in Sources */,
			);
			runOnlyForDeploymentPostprocessing = 0;
		};
		C9FE52B42A7525D300CACA1A /* Sources */ = {
			isa = PBXSourcesBuildPhase;
			buildActionMask = 2147483647;
			files = (
				C9FE52BF2A7525D300CACA1A /* EditUITestsLaunchTests.swift in Sources */,
				C9FE52BD2A7525D300CACA1A /* EditUITests.swift in Sources */,
			);
			runOnlyForDeploymentPostprocessing = 0;
		};
		C9FE52D12A7532C700CACA1A /* Sources */ = {
			isa = PBXSourcesBuildPhase;
			buildActionMask = 2147483647;
			files = (
				C96A852F2A7A703D005ED222 /* OpenPanelAccessoryViewController.swift in Sources */,
				C9FE52EE2A7537AC00CACA1A /* ProjectDocumentController.swift in Sources */,
				C98EA41C2A912A5E00B8815E /* ProjectDocument.swift in Sources */,
				C96A852D2A7A6E22005ED222 /* DirectoryDocument.swift in Sources */,
				C9FE54122A7A66D500CACA1A /* ContextBuffer.swift in Sources */,
				C96A853B2A7B2CA0005ED222 /* Project.swift in Sources */,
				C96A85342A7A8339005ED222 /* URL+Bookmarks.swift in Sources */,
				C96A85402A7BC3F5005ED222 /* DocumentState.swift in Sources */,
				C9FE52E42A75343C00CACA1A /* TextDocument.swift in Sources */,
			);
			runOnlyForDeploymentPostprocessing = 0;
		};
		C9FE52F02A7539B100CACA1A /* Sources */ = {
			isa = PBXSourcesBuildPhase;
			buildActionMask = 2147483647;
			files = (
			);
			runOnlyForDeploymentPostprocessing = 0;
		};
		C9FE530B2A759ADA00CACA1A /* Sources */ = {
			isa = PBXSourcesBuildPhase;
			buildActionMask = 2147483647;
			files = (
				C9FE531C2A759CE400CACA1A /* WindowStateModel.swift in Sources */,
				C9FE531E2A759F4C00CACA1A /* ProjectWindowRoot.swift in Sources */,
				C94F7EC12A7D8C1900E0361A /* ProjectContentViewController.swift in Sources */,
				C9FE53192A759AFE00CACA1A /* ProjectWindowController.swift in Sources */,
			);
			runOnlyForDeploymentPostprocessing = 0;
		};
		C9FE53202A75A17700CACA1A /* Sources */ = {
			isa = PBXSourcesBuildPhase;
			buildActionMask = 2147483647;
			files = (
				C9FE53C12A77C06800CACA1A /* ColorView.swift in Sources */,
				C9FE532F2A75A1C100CACA1A /* RepresentableView.swift in Sources */,
				C9FE53302A75A1C100CACA1A /* RepresentableViewController.swift in Sources */,
				C9FE53BF2A77C02400CACA1A /* BoundingBorders.swift in Sources */,
			);
			runOnlyForDeploymentPostprocessing = 0;
		};
		C9FE534F2A7660DF00CACA1A /* Sources */ = {
			isa = PBXSourcesBuildPhase;
			buildActionMask = 2147483647;
			files = (
				C9FE53622A76619800CACA1A /* Inspector.swift in Sources */,
			);
			runOnlyForDeploymentPostprocessing = 0;
		};
		C9FE53672A7661D400CACA1A /* Sources */ = {
			isa = PBXSourcesBuildPhase;
			buildActionMask = 2147483647;
			files = (
				C9FE53752A7661F100CACA1A /* SearchBar.swift in Sources */,
			);
			runOnlyForDeploymentPostprocessing = 0;
		};
		C9FE53772A7662DC00CACA1A /* Sources */ = {
			isa = PBXSourcesBuildPhase;
			buildActionMask = 2147483647;
			files = (
				C9FE53B92A77334E00CACA1A /* SourceViewController.swift in Sources */,
				C9FE53872A7663D200CACA1A /* EditorContentViewController.swift in Sources */,
				C9FE53AD2A7677A700CACA1A /* EditorScrollView.swift in Sources */,
				C9FE53D82A77D98A00CACA1A /* EditorContent.swift in Sources */,
				C9FE53AB2A76753D00CACA1A /* SourcePresentationViewController.swift in Sources */,
			);
			runOnlyForDeploymentPostprocessing = 0;
		};
		C9FE53982A76709D00CACA1A /* Sources */ = {
			isa = PBXSourcesBuildPhase;
			buildActionMask = 2147483647;
			files = (
				C9FE53A62A7670BB00CACA1A /* StatusBar.swift in Sources */,
			);
			runOnlyForDeploymentPostprocessing = 0;
		};
		C9FE53C52A77CC1E00CACA1A /* Sources */ = {
			isa = PBXSourcesBuildPhase;
			buildActionMask = 2147483647;
			files = (
				C9FE53D52A77CC8300CACA1A /* Theme.swift in Sources */,
			);
			runOnlyForDeploymentPostprocessing = 0;
		};
		C9FE53DA2A7A5A2A00CACA1A /* Sources */ = {
			isa = PBXSourcesBuildPhase;
			buildActionMask = 2147483647;
			files = (
				C9FE54052A7A613C00CACA1A /* FilteringExtension.swift in Sources */,
				C9FE53E82A7A5B2000CACA1A /* LazyRemoteExtension.swift in Sources */,
				C9FE54072A7A617000CACA1A /* ExtensionDocumentState.swift in Sources */,
			);
			runOnlyForDeploymentPostprocessing = 0;
		};
		C9FE53F12A7A5EF900CACA1A /* Sources */ = {
			isa = PBXSourcesBuildPhase;
			buildActionMask = 2147483647;
			files = (
				C9FE53FF2A7A5F1600CACA1A /* Logger+init.swift in Sources */,
				C9F79DD72A87E3FA005ED8E9 /* URL+Contents.swift in Sources */,
			);
			runOnlyForDeploymentPostprocessing = 0;
		};
/* End PBXSourcesBuildPhase section */

/* Begin PBXTargetDependency section */
		C96A85422A7BEB92005ED222 /* PBXTargetDependency */ = {
			isa = PBXTargetDependency;
			target = C9FE52F32A7539B100CACA1A /* ChimeKit */;
			targetProxy = C96A85412A7BEB92005ED222 /* PBXContainerItemProxy */;
		};
		C96A85462A7BEBB0005ED222 /* PBXTargetDependency */ = {
			isa = PBXTargetDependency;
			target = C9FE52F32A7539B100CACA1A /* ChimeKit */;
			targetProxy = C96A85452A7BEBB0005ED222 /* PBXContainerItemProxy */;
		};
		C96A85482A7BEBC4005ED222 /* PBXTargetDependency */ = {
			isa = PBXTargetDependency;
			target = C9FE53692A7661D400CACA1A /* Search */;
			targetProxy = C96A85472A7BEBC4005ED222 /* PBXContainerItemProxy */;
		};
		C9F79DDE2A87E656005ED8E9 /* PBXTargetDependency */ = {
			isa = PBXTargetDependency;
			productRef = C9F79DDD2A87E656005ED8E9 /* Outline */;
		};
		C9F79DE42A87E756005ED8E9 /* PBXTargetDependency */ = {
			isa = PBXTargetDependency;
			target = C9FE53F32A7A5EF900CACA1A /* Utility */;
			targetProxy = C9F79DE32A87E756005ED8E9 /* PBXContainerItemProxy */;
		};
		C9F79DFB2A8FFC79005ED8E9 /* PBXTargetDependency */ = {
			isa = PBXTargetDependency;
			target = C9F79DEC2A8FF065005ED8E9 /* Navigator */;
			targetProxy = C9F79DFA2A8FFC79005ED8E9 /* PBXContainerItemProxy */;
		};
		C9F79DFD2A90DCBF005ED8E9 /* PBXTargetDependency */ = {
			isa = PBXTargetDependency;
			target = C9FE53F32A7A5EF900CACA1A /* Utility */;
			targetProxy = C9F79DFC2A90DCBF005ED8E9 /* PBXContainerItemProxy */;
		};
		C9F79DFF2A90DCCC005ED8E9 /* PBXTargetDependency */ = {
			isa = PBXTargetDependency;
			target = C9FE52F32A7539B100CACA1A /* ChimeKit */;
			targetProxy = C9F79DFE2A90DCCC005ED8E9 /* PBXContainerItemProxy */;
		};
		C9FE52B02A7525D300CACA1A /* PBXTargetDependency */ = {
			isa = PBXTargetDependency;
			target = C9FE52982A7525D000CACA1A /* Edit */;
			targetProxy = C9FE52AF2A7525D300CACA1A /* PBXContainerItemProxy */;
		};
		C9FE52BA2A7525D300CACA1A /* PBXTargetDependency */ = {
			isa = PBXTargetDependency;
			target = C9FE52982A7525D000CACA1A /* Edit */;
			targetProxy = C9FE52B92A7525D300CACA1A /* PBXContainerItemProxy */;
		};
		C9FE52DF2A7533BA00CACA1A /* PBXTargetDependency */ = {
			isa = PBXTargetDependency;
			target = C9FE52D32A7532C700CACA1A /* Document */;
			targetProxy = C9FE52DE2A7533BA00CACA1A /* PBXContainerItemProxy */;
		};
		C9FE52EC2A75378000CACA1A /* PBXTargetDependency */ = {
			isa = PBXTargetDependency;
			productRef = C9FE52EB2A75378000CACA1A /* ContainedDocument */;
		};
		C9FE52F92A7539B100CACA1A /* PBXTargetDependency */ = {
			isa = PBXTargetDependency;
			target = C9FE52F32A7539B100CACA1A /* ChimeKit */;
			targetProxy = C9FE52F82A7539B100CACA1A /* PBXContainerItemProxy */;
		};
		C9FE53042A753A4E00CACA1A /* PBXTargetDependency */ = {
			isa = PBXTargetDependency;
			productRef = C9FE53032A753A4E00CACA1A /* ChimeKit */;
		};
		C9FE53062A753B2600CACA1A /* PBXTargetDependency */ = {
			isa = PBXTargetDependency;
			target = C9FE52F32A7539B100CACA1A /* ChimeKit */;
			targetProxy = C9FE53052A753B2600CACA1A /* PBXContainerItemProxy */;
		};
		C9FE53322A75A21E00CACA1A /* PBXTargetDependency */ = {
			isa = PBXTargetDependency;
			target = C9FE53222A75A17700CACA1A /* UIUtility */;
			targetProxy = C9FE53312A75A21E00CACA1A /* PBXContainerItemProxy */;
		};
		C9FE53352A75A30E00CACA1A /* PBXTargetDependency */ = {
			isa = PBXTargetDependency;
			target = C9FE530D2A759ADA00CACA1A /* ProjectWindow */;
			targetProxy = C9FE53342A75A30E00CACA1A /* PBXContainerItemProxy */;
		};
		C9FE533D2A75A76A00CACA1A /* PBXTargetDependency */ = {
			isa = PBXTargetDependency;
			productRef = C9FE533C2A75A76A00CACA1A /* WindowTreatment */;
		};
		C9FE53902A766A9400CACA1A /* PBXTargetDependency */ = {
			isa = PBXTargetDependency;
			target = C9FE53792A7662DC00CACA1A /* Editor */;
			targetProxy = C9FE538F2A766A9400CACA1A /* PBXContainerItemProxy */;
		};
		C9FE53962A766D2F00CACA1A /* PBXTargetDependency */ = {
			isa = PBXTargetDependency;
			productRef = C9FE53952A766D2F00CACA1A /* WindowTreatment */;
		};
		C9FE53B42A7677E800CACA1A /* PBXTargetDependency */ = {
			isa = PBXTargetDependency;
			productRef = C9FE53B32A7677E800CACA1A /* ScrollViewPlus */;
		};
		C9FE53BB2A77353900CACA1A /* PBXTargetDependency */ = {
			isa = PBXTargetDependency;
			productRef = C9FE53BA2A77353900CACA1A /* SourceView */;
		};
		C9FE53C32A77C14800CACA1A /* PBXTargetDependency */ = {
			isa = PBXTargetDependency;
			target = C9FE53222A75A17700CACA1A /* UIUtility */;
			targetProxy = C9FE53C22A77C14800CACA1A /* PBXContainerItemProxy */;
		};
		C9FE53D22A77CC3100CACA1A /* PBXTargetDependency */ = {
			isa = PBXTargetDependency;
			target = C9FE53C72A77CC1E00CACA1A /* Theme */;
			targetProxy = C9FE53D12A77CC3100CACA1A /* PBXContainerItemProxy */;
		};
		C9FE53EA2A7A5D4000CACA1A /* PBXTargetDependency */ = {
			isa = PBXTargetDependency;
			target = C9FE52F32A7539B100CACA1A /* ChimeKit */;
			targetProxy = C9FE53E92A7A5D4000CACA1A /* PBXContainerItemProxy */;
		};
		C9FE54012A7A606100CACA1A /* PBXTargetDependency */ = {
			isa = PBXTargetDependency;
			target = C9FE53F32A7A5EF900CACA1A /* Utility */;
			targetProxy = C9FE54002A7A606100CACA1A /* PBXContainerItemProxy */;
		};
		C9FE540C2A7A62FB00CACA1A /* PBXTargetDependency */ = {
			isa = PBXTargetDependency;
			target = C9FE53DC2A7A5A2A00CACA1A /* ExtensionHost */;
			targetProxy = C9FE540B2A7A62FB00CACA1A /* PBXContainerItemProxy */;
		};
		C9FE540F2A7A642500CACA1A /* PBXTargetDependency */ = {
			isa = PBXTargetDependency;
			target = C9FE52F32A7539B100CACA1A /* ChimeKit */;
			targetProxy = C9FE540E2A7A642500CACA1A /* PBXContainerItemProxy */;
		};
/* End PBXTargetDependency section */

/* Begin PBXVariantGroup section */
		C9FE52A52A7525D300CACA1A /* MainMenu.xib */ = {
			isa = PBXVariantGroup;
			children = (
				C9FE52A62A7525D300CACA1A /* Base */,
			);
			name = MainMenu.xib;
			sourceTree = "<group>";
		};
/* End PBXVariantGroup section */

/* Begin XCBuildConfiguration section */
		C9F79DF42A8FF065005ED8E9 /* Debug */ = {
			isa = XCBuildConfiguration;
			baseConfigurationReference = C9FE531A2A759BC400CACA1A /* Module.xcconfig */;
			buildSettings = {
			};
			name = Debug;
		};
		C9F79DF52A8FF065005ED8E9 /* Release */ = {
			isa = XCBuildConfiguration;
			baseConfigurationReference = C9FE531A2A759BC400CACA1A /* Module.xcconfig */;
			buildSettings = {
			};
			name = Release;
		};
		C9FE52C02A7525D300CACA1A /* Debug */ = {
			isa = XCBuildConfiguration;
			baseConfigurationReference = C9FE52CB2A7526C000CACA1A /* Project.xcconfig */;
			buildSettings = {
				ASSETCATALOG_COMPILER_GENERATE_SWIFT_ASSET_SYMBOL_EXTENSIONS = YES;
				CLANG_ANALYZER_NONNULL = YES;
				CLANG_ANALYZER_NUMBER_OBJECT_CONVERSION = YES_AGGRESSIVE;
				CLANG_WARN_BLOCK_CAPTURE_AUTORELEASING = YES;
				CLANG_WARN_BOOL_CONVERSION = YES;
				CLANG_WARN_COMMA = YES;
				CLANG_WARN_CONSTANT_CONVERSION = YES;
				CLANG_WARN_DEPRECATED_OBJC_IMPLEMENTATIONS = YES;
				CLANG_WARN_DIRECT_OBJC_ISA_USAGE = YES_ERROR;
				CLANG_WARN_DOCUMENTATION_COMMENTS = YES;
				CLANG_WARN_EMPTY_BODY = YES;
				CLANG_WARN_ENUM_CONVERSION = YES;
				CLANG_WARN_INFINITE_RECURSION = YES;
				CLANG_WARN_INT_CONVERSION = YES;
				CLANG_WARN_NON_LITERAL_NULL_CONVERSION = YES;
				CLANG_WARN_OBJC_IMPLICIT_RETAIN_SELF = YES;
				CLANG_WARN_OBJC_LITERAL_CONVERSION = YES;
				CLANG_WARN_OBJC_ROOT_CLASS = YES_ERROR;
				CLANG_WARN_QUOTED_INCLUDE_IN_FRAMEWORK_HEADER = YES;
				CLANG_WARN_RANGE_LOOP_ANALYSIS = YES;
				CLANG_WARN_STRICT_PROTOTYPES = YES;
				CLANG_WARN_SUSPICIOUS_MOVE = YES;
				CLANG_WARN_UNGUARDED_AVAILABILITY = YES_AGGRESSIVE;
				CLANG_WARN_UNREACHABLE_CODE = YES;
				CLANG_WARN__DUPLICATE_METHOD_MATCH = YES;
				COPY_PHASE_STRIP = NO;
				DEBUG_INFORMATION_FORMAT = dwarf;
				ENABLE_STRICT_OBJC_MSGSEND = YES;
				ENABLE_TESTABILITY = YES;
				ENABLE_USER_SCRIPT_SANDBOXING = YES;
				GCC_DYNAMIC_NO_PIC = NO;
				GCC_NO_COMMON_BLOCKS = YES;
				GCC_OPTIMIZATION_LEVEL = 0;
				GCC_WARN_64_TO_32_BIT_CONVERSION = YES;
				GCC_WARN_ABOUT_RETURN_TYPE = YES_ERROR;
				GCC_WARN_UNDECLARED_SELECTOR = YES;
				GCC_WARN_UNINITIALIZED_AUTOS = YES_AGGRESSIVE;
				GCC_WARN_UNUSED_FUNCTION = YES;
				GCC_WARN_UNUSED_VARIABLE = YES;
				LOCALIZATION_PREFERS_STRING_CATALOGS = YES;
				MTL_ENABLE_DEBUG_INFO = INCLUDE_SOURCE;
				MTL_FAST_MATH = YES;
				ONLY_ACTIVE_ARCH = YES;
				SDKROOT = macosx;
			};
			name = Debug;
		};
		C9FE52C12A7525D300CACA1A /* Release */ = {
			isa = XCBuildConfiguration;
			baseConfigurationReference = C9FE52CB2A7526C000CACA1A /* Project.xcconfig */;
			buildSettings = {
				ASSETCATALOG_COMPILER_GENERATE_SWIFT_ASSET_SYMBOL_EXTENSIONS = YES;
				CLANG_ANALYZER_NONNULL = YES;
				CLANG_ANALYZER_NUMBER_OBJECT_CONVERSION = YES_AGGRESSIVE;
				CLANG_WARN_BLOCK_CAPTURE_AUTORELEASING = YES;
				CLANG_WARN_BOOL_CONVERSION = YES;
				CLANG_WARN_COMMA = YES;
				CLANG_WARN_CONSTANT_CONVERSION = YES;
				CLANG_WARN_DEPRECATED_OBJC_IMPLEMENTATIONS = YES;
				CLANG_WARN_DIRECT_OBJC_ISA_USAGE = YES_ERROR;
				CLANG_WARN_DOCUMENTATION_COMMENTS = YES;
				CLANG_WARN_EMPTY_BODY = YES;
				CLANG_WARN_ENUM_CONVERSION = YES;
				CLANG_WARN_INFINITE_RECURSION = YES;
				CLANG_WARN_INT_CONVERSION = YES;
				CLANG_WARN_NON_LITERAL_NULL_CONVERSION = YES;
				CLANG_WARN_OBJC_IMPLICIT_RETAIN_SELF = YES;
				CLANG_WARN_OBJC_LITERAL_CONVERSION = YES;
				CLANG_WARN_OBJC_ROOT_CLASS = YES_ERROR;
				CLANG_WARN_QUOTED_INCLUDE_IN_FRAMEWORK_HEADER = YES;
				CLANG_WARN_RANGE_LOOP_ANALYSIS = YES;
				CLANG_WARN_STRICT_PROTOTYPES = YES;
				CLANG_WARN_SUSPICIOUS_MOVE = YES;
				CLANG_WARN_UNGUARDED_AVAILABILITY = YES_AGGRESSIVE;
				CLANG_WARN_UNREACHABLE_CODE = YES;
				CLANG_WARN__DUPLICATE_METHOD_MATCH = YES;
				COPY_PHASE_STRIP = NO;
				DEBUG_INFORMATION_FORMAT = "dwarf-with-dsym";
				ENABLE_NS_ASSERTIONS = NO;
				ENABLE_STRICT_OBJC_MSGSEND = YES;
				ENABLE_USER_SCRIPT_SANDBOXING = YES;
				GCC_NO_COMMON_BLOCKS = YES;
				GCC_WARN_64_TO_32_BIT_CONVERSION = YES;
				GCC_WARN_ABOUT_RETURN_TYPE = YES_ERROR;
				GCC_WARN_UNDECLARED_SELECTOR = YES;
				GCC_WARN_UNINITIALIZED_AUTOS = YES_AGGRESSIVE;
				GCC_WARN_UNUSED_FUNCTION = YES;
				GCC_WARN_UNUSED_VARIABLE = YES;
				LOCALIZATION_PREFERS_STRING_CATALOGS = YES;
				MTL_ENABLE_DEBUG_INFO = NO;
				MTL_FAST_MATH = YES;
				SDKROOT = macosx;
			};
			name = Release;
		};
		C9FE52C32A7525D300CACA1A /* Debug */ = {
			isa = XCBuildConfiguration;
			baseConfigurationReference = C9FE52CC2A752B4D00CACA1A /* Edit.xcconfig */;
			buildSettings = {
				ASSETCATALOG_COMPILER_APPICON_NAME = AppIcon;
				ASSETCATALOG_COMPILER_GLOBAL_ACCENT_COLOR_NAME = AccentColor;
				COMBINE_HIDPI_IMAGES = YES;
				INFOPLIST_KEY_NSPrincipalClass = NSApplication;
				SWIFT_EMIT_LOC_STRINGS = YES;
			};
			name = Debug;
		};
		C9FE52C42A7525D300CACA1A /* Release */ = {
			isa = XCBuildConfiguration;
			baseConfigurationReference = C9FE52CC2A752B4D00CACA1A /* Edit.xcconfig */;
			buildSettings = {
				ASSETCATALOG_COMPILER_APPICON_NAME = AppIcon;
				ASSETCATALOG_COMPILER_GLOBAL_ACCENT_COLOR_NAME = AccentColor;
				COMBINE_HIDPI_IMAGES = YES;
				INFOPLIST_KEY_NSPrincipalClass = NSApplication;
				SWIFT_EMIT_LOC_STRINGS = YES;
			};
			name = Release;
		};
		C9FE52C62A7525D300CACA1A /* Debug */ = {
			isa = XCBuildConfiguration;
			baseConfigurationReference = C9FE54082A7A625300CACA1A /* EditTests.xcconfig */;
			buildSettings = {
				ALWAYS_EMBED_SWIFT_STANDARD_LIBRARIES = YES;
				BUNDLE_LOADER = "$(TEST_HOST)";
				GENERATE_INFOPLIST_FILE = YES;
				PRODUCT_BUNDLE_IDENTIFIER = com.chimehq.EditTests;
				PRODUCT_NAME = "$(TARGET_NAME)";
				SWIFT_EMIT_LOC_STRINGS = NO;
			};
			name = Debug;
		};
		C9FE52C72A7525D300CACA1A /* Release */ = {
			isa = XCBuildConfiguration;
			baseConfigurationReference = C9FE54082A7A625300CACA1A /* EditTests.xcconfig */;
			buildSettings = {
				ALWAYS_EMBED_SWIFT_STANDARD_LIBRARIES = YES;
				BUNDLE_LOADER = "$(TEST_HOST)";
				GENERATE_INFOPLIST_FILE = YES;
				PRODUCT_BUNDLE_IDENTIFIER = com.chimehq.EditTests;
				PRODUCT_NAME = "$(TARGET_NAME)";
				SWIFT_EMIT_LOC_STRINGS = NO;
			};
			name = Release;
		};
		C9FE52C92A7525D300CACA1A /* Debug */ = {
			isa = XCBuildConfiguration;
			buildSettings = {
				ALWAYS_EMBED_SWIFT_STANDARD_LIBRARIES = YES;
				CODE_SIGN_STYLE = Automatic;
				CURRENT_PROJECT_VERSION = 1;
				DEVELOPMENT_TEAM = 77X93NZ3G2;
				GENERATE_INFOPLIST_FILE = YES;
				MARKETING_VERSION = 1.0;
				PRODUCT_BUNDLE_IDENTIFIER = com.chimehq.EditUITests;
				PRODUCT_NAME = "$(TARGET_NAME)";
				SWIFT_EMIT_LOC_STRINGS = NO;
				SWIFT_VERSION = 5.0;
				TEST_TARGET_NAME = Edit;
			};
			name = Debug;
		};
		C9FE52CA2A7525D300CACA1A /* Release */ = {
			isa = XCBuildConfiguration;
			buildSettings = {
				ALWAYS_EMBED_SWIFT_STANDARD_LIBRARIES = YES;
				CODE_SIGN_STYLE = Automatic;
				CURRENT_PROJECT_VERSION = 1;
				DEVELOPMENT_TEAM = 77X93NZ3G2;
				GENERATE_INFOPLIST_FILE = YES;
				MARKETING_VERSION = 1.0;
				PRODUCT_BUNDLE_IDENTIFIER = com.chimehq.EditUITests;
				PRODUCT_NAME = "$(TARGET_NAME)";
				SWIFT_EMIT_LOC_STRINGS = NO;
				SWIFT_VERSION = 5.0;
				TEST_TARGET_NAME = Edit;
			};
			name = Release;
		};
		C9FE52DB2A7532C700CACA1A /* Debug */ = {
			isa = XCBuildConfiguration;
			baseConfigurationReference = C9FE531A2A759BC400CACA1A /* Module.xcconfig */;
			buildSettings = {
			};
			name = Debug;
		};
		C9FE52DC2A7532C700CACA1A /* Release */ = {
			isa = XCBuildConfiguration;
			baseConfigurationReference = C9FE531A2A759BC400CACA1A /* Module.xcconfig */;
			buildSettings = {
			};
			name = Release;
		};
		C9FE52FE2A7539B100CACA1A /* Debug */ = {
			isa = XCBuildConfiguration;
			buildSettings = {
				COMBINE_HIDPI_IMAGES = YES;
				CURRENT_PROJECT_VERSION = 1;
				DYLIB_COMPATIBILITY_VERSION = 1;
				DYLIB_CURRENT_VERSION = 1;
				DYLIB_INSTALL_NAME_BASE = "@rpath";
				ENABLE_MODULE_VERIFIER = YES;
				GENERATE_INFOPLIST_FILE = YES;
				INSTALL_PATH = "$(LOCAL_LIBRARY_DIR)/Frameworks";
				LD_RUNPATH_SEARCH_PATHS = (
					"$(inherited)",
					"@executable_path/../Frameworks",
					"@loader_path/Frameworks",
				);
				MARKETING_VERSION = 1.0;
				MODULE_VERIFIER_SUPPORTED_LANGUAGES = "objective-c objective-c++";
				MODULE_VERIFIER_SUPPORTED_LANGUAGE_STANDARDS = "gnu17 gnu++20";
				PRODUCT_BUNDLE_IDENTIFIER = com.chimehq.ChimeKit;
				PRODUCT_NAME = "$(TARGET_NAME:c99extidentifier)";
				SKIP_INSTALL = YES;
				SWIFT_EMIT_LOC_STRINGS = YES;
				VERSIONING_SYSTEM = "apple-generic";
				VERSION_INFO_PREFIX = "";
			};
			name = Debug;
		};
		C9FE52FF2A7539B100CACA1A /* Release */ = {
			isa = XCBuildConfiguration;
			buildSettings = {
				COMBINE_HIDPI_IMAGES = YES;
				CURRENT_PROJECT_VERSION = 1;
				DYLIB_COMPATIBILITY_VERSION = 1;
				DYLIB_CURRENT_VERSION = 1;
				DYLIB_INSTALL_NAME_BASE = "@rpath";
				ENABLE_MODULE_VERIFIER = YES;
				GENERATE_INFOPLIST_FILE = YES;
				INSTALL_PATH = "$(LOCAL_LIBRARY_DIR)/Frameworks";
				LD_RUNPATH_SEARCH_PATHS = (
					"$(inherited)",
					"@executable_path/../Frameworks",
					"@loader_path/Frameworks",
				);
				MARKETING_VERSION = 1.0;
				MODULE_VERIFIER_SUPPORTED_LANGUAGES = "objective-c objective-c++";
				MODULE_VERIFIER_SUPPORTED_LANGUAGE_STANDARDS = "gnu17 gnu++20";
				PRODUCT_BUNDLE_IDENTIFIER = com.chimehq.ChimeKit;
				PRODUCT_NAME = "$(TARGET_NAME:c99extidentifier)";
				SKIP_INSTALL = YES;
				SWIFT_EMIT_LOC_STRINGS = YES;
				VERSIONING_SYSTEM = "apple-generic";
				VERSION_INFO_PREFIX = "";
			};
			name = Release;
		};
		C9FE53152A759ADA00CACA1A /* Debug */ = {
			isa = XCBuildConfiguration;
			baseConfigurationReference = C9FE531A2A759BC400CACA1A /* Module.xcconfig */;
			buildSettings = {
			};
			name = Debug;
		};
		C9FE53162A759ADA00CACA1A /* Release */ = {
			isa = XCBuildConfiguration;
			baseConfigurationReference = C9FE531A2A759BC400CACA1A /* Module.xcconfig */;
			buildSettings = {
			};
			name = Release;
		};
		C9FE532A2A75A17700CACA1A /* Debug */ = {
			isa = XCBuildConfiguration;
			baseConfigurationReference = C9FE531A2A759BC400CACA1A /* Module.xcconfig */;
			buildSettings = {
			};
			name = Debug;
		};
		C9FE532B2A75A17700CACA1A /* Release */ = {
			isa = XCBuildConfiguration;
			baseConfigurationReference = C9FE531A2A759BC400CACA1A /* Module.xcconfig */;
			buildSettings = {
			};
			name = Release;
		};
		C9FE53592A7660DF00CACA1A /* Debug */ = {
			isa = XCBuildConfiguration;
			baseConfigurationReference = C9FE531A2A759BC400CACA1A /* Module.xcconfig */;
			buildSettings = {
			};
			name = Debug;
		};
		C9FE535A2A7660DF00CACA1A /* Release */ = {
			isa = XCBuildConfiguration;
			baseConfigurationReference = C9FE531A2A759BC400CACA1A /* Module.xcconfig */;
			buildSettings = {
			};
			name = Release;
		};
		C9FE53712A7661D400CACA1A /* Debug */ = {
			isa = XCBuildConfiguration;
			baseConfigurationReference = C9FE531A2A759BC400CACA1A /* Module.xcconfig */;
			buildSettings = {
			};
			name = Debug;
		};
		C9FE53722A7661D400CACA1A /* Release */ = {
			isa = XCBuildConfiguration;
			baseConfigurationReference = C9FE531A2A759BC400CACA1A /* Module.xcconfig */;
			buildSettings = {
			};
			name = Release;
		};
		C9FE53812A7662DD00CACA1A /* Debug */ = {
			isa = XCBuildConfiguration;
			baseConfigurationReference = C9FE531A2A759BC400CACA1A /* Module.xcconfig */;
			buildSettings = {
			};
			name = Debug;
		};
		C9FE53822A7662DD00CACA1A /* Release */ = {
			isa = XCBuildConfiguration;
			baseConfigurationReference = C9FE531A2A759BC400CACA1A /* Module.xcconfig */;
			buildSettings = {
			};
			name = Release;
		};
		C9FE53A22A76709D00CACA1A /* Debug */ = {
			isa = XCBuildConfiguration;
			baseConfigurationReference = C9FE531A2A759BC400CACA1A /* Module.xcconfig */;
			buildSettings = {
			};
			name = Debug;
		};
		C9FE53A32A76709D00CACA1A /* Release */ = {
			isa = XCBuildConfiguration;
			baseConfigurationReference = C9FE531A2A759BC400CACA1A /* Module.xcconfig */;
			buildSettings = {
			};
			name = Release;
		};
		C9FE53CF2A77CC1F00CACA1A /* Debug */ = {
			isa = XCBuildConfiguration;
			baseConfigurationReference = C9FE531A2A759BC400CACA1A /* Module.xcconfig */;
			buildSettings = {
			};
			name = Debug;
		};
		C9FE53D02A77CC1F00CACA1A /* Release */ = {
			isa = XCBuildConfiguration;
			baseConfigurationReference = C9FE531A2A759BC400CACA1A /* Module.xcconfig */;
			buildSettings = {
			};
			name = Release;
		};
		C9FE53E42A7A5A2A00CACA1A /* Debug */ = {
			isa = XCBuildConfiguration;
			baseConfigurationReference = C9FE531A2A759BC400CACA1A /* Module.xcconfig */;
			buildSettings = {
			};
			name = Debug;
		};
		C9FE53E52A7A5A2A00CACA1A /* Release */ = {
			isa = XCBuildConfiguration;
			baseConfigurationReference = C9FE531A2A759BC400CACA1A /* Module.xcconfig */;
			buildSettings = {
			};
			name = Release;
		};
		C9FE53FB2A7A5EF900CACA1A /* Debug */ = {
			isa = XCBuildConfiguration;
			baseConfigurationReference = C9FE531A2A759BC400CACA1A /* Module.xcconfig */;
			buildSettings = {
			};
			name = Debug;
		};
		C9FE53FC2A7A5EF900CACA1A /* Release */ = {
			isa = XCBuildConfiguration;
			baseConfigurationReference = C9FE531A2A759BC400CACA1A /* Module.xcconfig */;
			buildSettings = {
			};
			name = Release;
		};
/* End XCBuildConfiguration section */

/* Begin XCConfigurationList section */
		C9F79DF32A8FF065005ED8E9 /* Build configuration list for PBXNativeTarget "Navigator" */ = {
			isa = XCConfigurationList;
			buildConfigurations = (
				C9F79DF42A8FF065005ED8E9 /* Debug */,
				C9F79DF52A8FF065005ED8E9 /* Release */,
			);
			defaultConfigurationIsVisible = 0;
			defaultConfigurationName = Release;
		};
		C9FE52942A7525D000CACA1A /* Build configuration list for PBXProject "Edit" */ = {
			isa = XCConfigurationList;
			buildConfigurations = (
				C9FE52C02A7525D300CACA1A /* Debug */,
				C9FE52C12A7525D300CACA1A /* Release */,
			);
			defaultConfigurationIsVisible = 0;
			defaultConfigurationName = Release;
		};
		C9FE52C22A7525D300CACA1A /* Build configuration list for PBXNativeTarget "Edit" */ = {
			isa = XCConfigurationList;
			buildConfigurations = (
				C9FE52C32A7525D300CACA1A /* Debug */,
				C9FE52C42A7525D300CACA1A /* Release */,
			);
			defaultConfigurationIsVisible = 0;
			defaultConfigurationName = Release;
		};
		C9FE52C52A7525D300CACA1A /* Build configuration list for PBXNativeTarget "EditTests" */ = {
			isa = XCConfigurationList;
			buildConfigurations = (
				C9FE52C62A7525D300CACA1A /* Debug */,
				C9FE52C72A7525D300CACA1A /* Release */,
			);
			defaultConfigurationIsVisible = 0;
			defaultConfigurationName = Release;
		};
		C9FE52C82A7525D300CACA1A /* Build configuration list for PBXNativeTarget "EditUITests" */ = {
			isa = XCConfigurationList;
			buildConfigurations = (
				C9FE52C92A7525D300CACA1A /* Debug */,
				C9FE52CA2A7525D300CACA1A /* Release */,
			);
			defaultConfigurationIsVisible = 0;
			defaultConfigurationName = Release;
		};
		C9FE52DA2A7532C700CACA1A /* Build configuration list for PBXNativeTarget "Document" */ = {
			isa = XCConfigurationList;
			buildConfigurations = (
				C9FE52DB2A7532C700CACA1A /* Debug */,
				C9FE52DC2A7532C700CACA1A /* Release */,
			);
			defaultConfigurationIsVisible = 0;
			defaultConfigurationName = Release;
		};
		C9FE52FD2A7539B100CACA1A /* Build configuration list for PBXNativeTarget "ChimeKit" */ = {
			isa = XCConfigurationList;
			buildConfigurations = (
				C9FE52FE2A7539B100CACA1A /* Debug */,
				C9FE52FF2A7539B100CACA1A /* Release */,
			);
			defaultConfigurationIsVisible = 0;
			defaultConfigurationName = Release;
		};
		C9FE53142A759ADA00CACA1A /* Build configuration list for PBXNativeTarget "ProjectWindow" */ = {
			isa = XCConfigurationList;
			buildConfigurations = (
				C9FE53152A759ADA00CACA1A /* Debug */,
				C9FE53162A759ADA00CACA1A /* Release */,
			);
			defaultConfigurationIsVisible = 0;
			defaultConfigurationName = Release;
		};
		C9FE53292A75A17700CACA1A /* Build configuration list for PBXNativeTarget "UIUtility" */ = {
			isa = XCConfigurationList;
			buildConfigurations = (
				C9FE532A2A75A17700CACA1A /* Debug */,
				C9FE532B2A75A17700CACA1A /* Release */,
			);
			defaultConfigurationIsVisible = 0;
			defaultConfigurationName = Release;
		};
		C9FE53582A7660DF00CACA1A /* Build configuration list for PBXNativeTarget "Inspector" */ = {
			isa = XCConfigurationList;
			buildConfigurations = (
				C9FE53592A7660DF00CACA1A /* Debug */,
				C9FE535A2A7660DF00CACA1A /* Release */,
			);
			defaultConfigurationIsVisible = 0;
			defaultConfigurationName = Release;
		};
		C9FE53702A7661D400CACA1A /* Build configuration list for PBXNativeTarget "Search" */ = {
			isa = XCConfigurationList;
			buildConfigurations = (
				C9FE53712A7661D400CACA1A /* Debug */,
				C9FE53722A7661D400CACA1A /* Release */,
			);
			defaultConfigurationIsVisible = 0;
			defaultConfigurationName = Release;
		};
		C9FE53802A7662DD00CACA1A /* Build configuration list for PBXNativeTarget "Editor" */ = {
			isa = XCConfigurationList;
			buildConfigurations = (
				C9FE53812A7662DD00CACA1A /* Debug */,
				C9FE53822A7662DD00CACA1A /* Release */,
			);
			defaultConfigurationIsVisible = 0;
			defaultConfigurationName = Release;
		};
		C9FE53A12A76709D00CACA1A /* Build configuration list for PBXNativeTarget "Status" */ = {
			isa = XCConfigurationList;
			buildConfigurations = (
				C9FE53A22A76709D00CACA1A /* Debug */,
				C9FE53A32A76709D00CACA1A /* Release */,
			);
			defaultConfigurationIsVisible = 0;
			defaultConfigurationName = Release;
		};
		C9FE53CE2A77CC1F00CACA1A /* Build configuration list for PBXNativeTarget "Theme" */ = {
			isa = XCConfigurationList;
			buildConfigurations = (
				C9FE53CF2A77CC1F00CACA1A /* Debug */,
				C9FE53D02A77CC1F00CACA1A /* Release */,
			);
			defaultConfigurationIsVisible = 0;
			defaultConfigurationName = Release;
		};
		C9FE53E32A7A5A2A00CACA1A /* Build configuration list for PBXNativeTarget "ExtensionHost" */ = {
			isa = XCConfigurationList;
			buildConfigurations = (
				C9FE53E42A7A5A2A00CACA1A /* Debug */,
				C9FE53E52A7A5A2A00CACA1A /* Release */,
			);
			defaultConfigurationIsVisible = 0;
			defaultConfigurationName = Release;
		};
		C9FE53FA2A7A5EF900CACA1A /* Build configuration list for PBXNativeTarget "Utility" */ = {
			isa = XCConfigurationList;
			buildConfigurations = (
				C9FE53FB2A7A5EF900CACA1A /* Debug */,
				C9FE53FC2A7A5EF900CACA1A /* Release */,
			);
			defaultConfigurationIsVisible = 0;
			defaultConfigurationName = Release;
		};
/* End XCConfigurationList section */

/* Begin XCRemoteSwiftPackageReference section */
		C98EA4162A90F17700B8815E /* XCRemoteSwiftPackageReference "ProcessEnv" */ = {
			isa = XCRemoteSwiftPackageReference;
			repositoryURL = "https://github.com/ChimeHQ/ProcessEnv.git";
			requirement = {
				kind = upToNextMajorVersion;
				minimumVersion = 1.0.0;
			};
		};
		C9FE52E62A75375300CACA1A /* XCRemoteSwiftPackageReference "ContainedDocument" */ = {
			isa = XCRemoteSwiftPackageReference;
			repositoryURL = "https://github.com/ChimeHQ/ContainedDocument.git";
			requirement = {
				kind = revision;
				revision = 70071cab32b9288097b15a816696a08c110a32ff;
			};
		};
		C9FE53002A753A3D00CACA1A /* XCRemoteSwiftPackageReference "ChimeKit" */ = {
			isa = XCRemoteSwiftPackageReference;
			repositoryURL = "https://github.com/ChimeHQ/ChimeKit.git";
			requirement = {
				kind = revision;
				revision = 6e80898da48c7d4c4fb78bbad7700c7065b9e241;
			};
		};
		C9FE53372A75A75400CACA1A /* XCRemoteSwiftPackageReference "WindowTreatment" */ = {
			isa = XCRemoteSwiftPackageReference;
			repositoryURL = "https://github.com/ChimeHQ/WindowTreatment.git";
			requirement = {
				kind = revision;
				revision = 83dea802a687db2313506f9ef53c5f257ece8c10;
			};
		};
		C9FE53AE2A7677D100CACA1A /* XCRemoteSwiftPackageReference "ScrollViewPlus" */ = {
			isa = XCRemoteSwiftPackageReference;
			repositoryURL = "https://github.com/ChimeHQ/ScrollViewPlus.git";
			requirement = {
				kind = upToNextMajorVersion;
				minimumVersion = 0.1.2;
			};
		};
		C9FE53EB2A7A5D9700CACA1A /* XCRemoteSwiftPackageReference "Extendable" */ = {
			isa = XCRemoteSwiftPackageReference;
			repositoryURL = "https://github.com/ChimeHQ/Extendable.git";
			requirement = {
				kind = upToNextMajorVersion;
				minimumVersion = 0.2.0;
			};
		};
/* End XCRemoteSwiftPackageReference section */

/* Begin XCSwiftPackageProductDependency section */
		C9F79DDD2A87E656005ED8E9 /* Outline */ = {
			isa = XCSwiftPackageProductDependency;
			productName = Outline;
		};
		C9F79DDF2A87E661005ED8E9 /* Outline */ = {
			isa = XCSwiftPackageProductDependency;
			productName = Outline;
		};
		C9FE52E92A75377200CACA1A /* ContainedDocument */ = {
			isa = XCSwiftPackageProductDependency;
			package = C9FE52E62A75375300CACA1A /* XCRemoteSwiftPackageReference "ContainedDocument" */;
			productName = ContainedDocument;
		};
		C9FE52EB2A75378000CACA1A /* ContainedDocument */ = {
			isa = XCSwiftPackageProductDependency;
			package = C9FE52E62A75375300CACA1A /* XCRemoteSwiftPackageReference "ContainedDocument" */;
			productName = ContainedDocument;
		};
		C9FE53012A753A3D00CACA1A /* ChimeKit */ = {
			isa = XCSwiftPackageProductDependency;
			package = C9FE53002A753A3D00CACA1A /* XCRemoteSwiftPackageReference "ChimeKit" */;
			productName = ChimeKit;
		};
		C9FE53032A753A4E00CACA1A /* ChimeKit */ = {
			isa = XCSwiftPackageProductDependency;
			package = C9FE53002A753A3D00CACA1A /* XCRemoteSwiftPackageReference "ChimeKit" */;
			productName = ChimeKit;
		};
		C9FE533A2A75A76000CACA1A /* WindowTreatment */ = {
			isa = XCSwiftPackageProductDependency;
			package = C9FE53372A75A75400CACA1A /* XCRemoteSwiftPackageReference "WindowTreatment" */;
			productName = WindowTreatment;
		};
		C9FE533C2A75A76A00CACA1A /* WindowTreatment */ = {
			isa = XCSwiftPackageProductDependency;
			package = C9FE53372A75A75400CACA1A /* XCRemoteSwiftPackageReference "WindowTreatment" */;
			productName = WindowTreatment;
		};
		C9FE53952A766D2F00CACA1A /* WindowTreatment */ = {
			isa = XCSwiftPackageProductDependency;
			package = C9FE53372A75A75400CACA1A /* XCRemoteSwiftPackageReference "WindowTreatment" */;
			productName = WindowTreatment;
		};
		C9FE53B12A7677E100CACA1A /* ScrollViewPlus */ = {
			isa = XCSwiftPackageProductDependency;
			package = C9FE53AE2A7677D100CACA1A /* XCRemoteSwiftPackageReference "ScrollViewPlus" */;
			productName = ScrollViewPlus;
		};
		C9FE53B32A7677E800CACA1A /* ScrollViewPlus */ = {
			isa = XCSwiftPackageProductDependency;
			package = C9FE53AE2A7677D100CACA1A /* XCRemoteSwiftPackageReference "ScrollViewPlus" */;
			productName = ScrollViewPlus;
		};
		C9FE53BA2A77353900CACA1A /* SourceView */ = {
			isa = XCSwiftPackageProductDependency;
			productName = SourceView;
		};
		C9FE53BC2A77354400CACA1A /* SourceView */ = {
			isa = XCSwiftPackageProductDependency;
			productName = SourceView;
		};
/* End XCSwiftPackageProductDependency section */
	};
	rootObject = C9FE52912A7525D000CACA1A /* Project object */;
}
